
Microsoft Visual Studio Solution File, Format Version 12.00
# Visual Studio Version 17
VisualStudioVersion = 17.11.35327.3
MinimumVisualStudioVersion = 10.0.40219.1
Project("{8BC9CEB8-8B4A-11D0-8D11-00A0C91BC942}") = "Client", "Client\Default\Client.vcxproj", "{1BB340E7-D29A-4824-AA0A-ABA84AD63E5B}"
EndProject
Project("{8BC9CEB8-8B4A-11D0-8D11-00A0C91BC942}") = "Engine", "Engine\Default\Engine.vcxproj", "{6AA97FAC-695E-49EA-A43F-0AD955F98678}"
EndProject
Project("{8BC9CEB8-8B4A-11D0-8D11-00A0C91BC942}") = "Edit", "Edit\Default\Edit.vcxproj", "{3A5BB90D-B2DB-4399-BE54-9F8140EA4577}"
EndProject
Global
	GlobalSection(SolutionConfigurationPlatforms) = preSolution
		Debug|x64 = Debug|x64
		Debug|x86 = Debug|x86
		Release|x64 = Release|x64
		Release|x86 = Release|x86
	EndGlobalSection
	GlobalSection(ProjectConfigurationPlatforms) = postSolution
		{1BB340E7-D29A-4824-AA0A-ABA84AD63E5B}.Debug|x64.ActiveCfg = Debug|x64
		{1BB340E7-D29A-4824-AA0A-ABA84AD63E5B}.Debug|x64.Build.0 = Debug|x64
		{1BB340E7-D29A-4824-AA0A-ABA84AD63E5B}.Debug|x86.ActiveCfg = Debug|Win32
		{1BB340E7-D29A-4824-AA0A-ABA84AD63E5B}.Debug|x86.Build.0 = Debug|Win32
		{1BB340E7-D29A-4824-AA0A-ABA84AD63E5B}.Release|x64.ActiveCfg = Release|x64
		{1BB340E7-D29A-4824-AA0A-ABA84AD63E5B}.Release|x64.Build.0 = Release|x64
		{1BB340E7-D29A-4824-AA0A-ABA84AD63E5B}.Release|x86.ActiveCfg = Release|Win32
		{1BB340E7-D29A-4824-AA0A-ABA84AD63E5B}.Release|x86.Build.0 = Release|Win32
		{6AA97FAC-695E-49EA-A43F-0AD955F98678}.Debug|x64.ActiveCfg = Debug|x64
		{6AA97FAC-695E-49EA-A43F-0AD955F98678}.Debug|x64.Build.0 = Debug|x64
		{6AA97FAC-695E-49EA-A43F-0AD955F98678}.Debug|x86.ActiveCfg = Debug|Win32
		{6AA97FAC-695E-49EA-A43F-0AD955F98678}.Debug|x86.Build.0 = Debug|Win32
		{6AA97FAC-695E-49EA-A43F-0AD955F98678}.Release|x64.ActiveCfg = Release|x64
		{6AA97FAC-695E-49EA-A43F-0AD955F98678}.Release|x64.Build.0 = Release|x64
		{6AA97FAC-695E-49EA-A43F-0AD955F98678}.Release|x86.ActiveCfg = Release|Win32
		{6AA97FAC-695E-49EA-A43F-0AD955F98678}.Release|x86.Build.0 = Release|Win32
		{3A5BB90D-B2DB-4399-BE54-9F8140EA4577}.Debug|x64.ActiveCfg = Debug|x64
		{3A5BB90D-B2DB-4399-BE54-9F8140EA4577}.Debug|x64.Build.0 = Debug|x64
		{3A5BB90D-B2DB-4399-BE54-9F8140EA4577}.Debug|x86.ActiveCfg = Debug|Win32
		{3A5BB90D-B2DB-4399-BE54-9F8140EA4577}.Debug|x86.Build.0 = Debug|Win32
		{3A5BB90D-B2DB-4399-BE54-9F8140EA4577}.Release|x64.ActiveCfg = Release|x64
		{3A5BB90D-B2DB-4399-BE54-9F8140EA4577}.Release|x64.Build.0 = Release|x64
		{3A5BB90D-B2DB-4399-BE54-9F8140EA4577}.Release|x86.ActiveCfg = Release|Win32
		{3A5BB90D-B2DB-4399-BE54-9F8140EA4577}.Release|x86.Build.0 = Release|Win32
	EndGlobalSection
	GlobalSection(SolutionProperties) = preSolution
		HideSolutionNode = FALSE
	EndGlobalSection
	GlobalSection(ExtensibilityGlobals) = postSolution
		SolutionGuid = {EC16A5E1-DCDB-48EC-83CB-5294EB379934}
	EndGlobalSection
EndGlobal
