<?xml version="1.0" encoding="utf-8"?>
<Project ToolsVersion="4.0" xmlns="http://schemas.microsoft.com/developer/msbuild/2003">
  <ItemGroup>
    <Filter Include="98.Defaults">
      <UniqueIdentifier>{796a97b5-a9f9-4727-a380-abaf911b6011}</UniqueIdentifier>
    </Filter>
    <Filter Include="99.Defines">
      <UniqueIdentifier>{87430cc9-bdb5-4921-a408-7ac82e1fdd91}</UniqueIdentifier>
    </Filter>
    <Filter Include="00.MainApp">
      <UniqueIdentifier>{6dc40b73-3221-4ce1-b4e7-e0142a2df85d}</UniqueIdentifier>
    </Filter>
    <Filter Include="97.ShaderFiles">
      <UniqueIdentifier>{5191c7ce-16b1-4664-9c92-827c72f29e2e}</UniqueIdentifier>
    </Filter>
    <Filter Include="02.Levels">
      <UniqueIdentifier>{47241e83-a0f6-4b8c-a78f-19fce34818f4}</UniqueIdentifier>
    </Filter>
    <Filter Include="02.Levels\GamePlay">
      <UniqueIdentifier>{9fcec439-8bb5-46e7-81bc-f401093c77a2}</UniqueIdentifier>
    </Filter>
    <Filter Include="02.Levels\GamePlay\Level_Queen">
      <UniqueIdentifier>{d0a9840e-de1d-4068-868e-094dabb0d7ff}</UniqueIdentifier>
    </Filter>
    <Filter Include="02.Levels\GamePlay\Level_Town">
      <UniqueIdentifier>{e880dd5d-c09f-4b4f-b3ab-c7ecfc0c55b4}</UniqueIdentifier>
    </Filter>
    <Filter Include="02.Levels\GamePlay\Level_Glasgavelen">
      <UniqueIdentifier>{fe0988ea-156b-4f3e-afd6-19622e2b3c3a}</UniqueIdentifier>
    </Filter>
    <Filter Include="02.Levels\GamePlay\Level_Field">
      <UniqueIdentifier>{779accb7-f276-4003-ba64-d0fc3d326288}</UniqueIdentifier>
    </Filter>
    <Filter Include="02.Levels\Loading">
      <UniqueIdentifier>{b4ff1bb4-8c5f-4c91-9074-7b5f0fd3068e}</UniqueIdentifier>
    </Filter>
    <Filter Include="02.Levels\Loading\Loader">
      <UniqueIdentifier>{aef88141-ab26-4dc9-a8fe-7010776d6d5b}</UniqueIdentifier>
    </Filter>
    <Filter Include="02.Levels\Logo">
      <UniqueIdentifier>{8efafbf9-e876-47cc-88ba-ad25bc38c69e}</UniqueIdentifier>
    </Filter>
    <Filter Include="03.GameObject">
      <UniqueIdentifier>{13d34374-d51a-4b83-9983-e1a08fc692f0}</UniqueIdentifier>
    </Filter>
    <Filter Include="03.GameObject\UIObject">
      <UniqueIdentifier>{12c19376-a6c9-4db0-95ca-b116485a18bb}</UniqueIdentifier>
    </Filter>
    <Filter Include="03.GameObject\UIObject\Logo">
      <UniqueIdentifier>{663f6d98-11ba-438c-99b9-1406a1fe843d}</UniqueIdentifier>
    </Filter>
    <Filter Include="03.GameObject\UIObject\Loading">
      <UniqueIdentifier>{fc7e9559-cc44-48d5-b0fb-55ccbd6ae479}</UniqueIdentifier>
    </Filter>
    <Filter Include="03.GameObject\UIObject\GamePlay">
      <UniqueIdentifier>{e09314ea-c9cf-4170-9b10-fc01544610b5}</UniqueIdentifier>
    </Filter>
    <Filter Include="03.GameObject\UIObject\GamePlay\HUD">
      <UniqueIdentifier>{1cff8f92-4619-46e0-8494-51c719def440}</UniqueIdentifier>
    </Filter>
    <Filter Include="03.GameObject\UIObject\GamePlay\Option">
      <UniqueIdentifier>{3c7af0dd-663d-4b6f-bfab-39c72a7e68b5}</UniqueIdentifier>
    </Filter>
    <Filter Include="03.GameObject\UIObject\GamePlay\OptionController">
      <UniqueIdentifier>{166339c0-8123-4505-957b-e8cbbd01a34d}</UniqueIdentifier>
    </Filter>
    <Filter Include="03.GameObject\UIObject\Static">
      <UniqueIdentifier>{9b5a3425-2493-4e94-a944-22b17a5c2c60}</UniqueIdentifier>
    </Filter>
    <Filter Include="03.GameObject\UIObject\Static\Background">
      <UniqueIdentifier>{894bcd7f-e626-4263-b8aa-5837632cb147}</UniqueIdentifier>
    </Filter>
    <Filter Include="03.GameObject\UIObject\Static\Button">
      <UniqueIdentifier>{3f709017-faa8-4a54-896b-0a8fa92454cc}</UniqueIdentifier>
    </Filter>
    <Filter Include="03.GameObject\UIObject\Static\Panel">
      <UniqueIdentifier>{75274f8e-fba3-4800-9d95-1645c708fcda}</UniqueIdentifier>
    </Filter>
    <Filter Include="03.GameObject\UIObject\Static\Bar">
      <UniqueIdentifier>{ac98ff6d-3684-43f3-891f-9f78d974127a}</UniqueIdentifier>
    </Filter>
    <Filter Include="03.GameObject\UIObject\UI_Container">
      <UniqueIdentifier>{e291e355-7730-4036-898f-491d9fec5e5a}</UniqueIdentifier>
    </Filter>
    <Filter Include="03.GameObject\Pawns">
      <UniqueIdentifier>{1aab49b5-79b9-43ff-8212-3679a70b6f73}</UniqueIdentifier>
    </Filter>
    <Filter Include="03.GameObject\Pawns\BodyBase">
      <UniqueIdentifier>{15d1217b-6f9a-4078-99f1-29c0665ce198}</UniqueIdentifier>
    </Filter>
    <Filter Include="03.GameObject\Pawns\AnimMachine">
      <UniqueIdentifier>{cd175e51-17a2-47e5-8529-4a632529b651}</UniqueIdentifier>
    </Filter>
    <Filter Include="03.GameObject\Pawns\AnimMachine\PlayerAnimMachine">
      <UniqueIdentifier>{225f42ad-e275-4cbd-aab0-9e91f7b06c3e}</UniqueIdentifier>
    </Filter>
    <Filter Include="03.GameObject\Pawns\AnimMachine\Vampire_AnimMachine">
      <UniqueIdentifier>{f1f5c96a-445e-4878-834f-17d635e72cb2}</UniqueIdentifier>
    </Filter>
    <Filter Include="03.GameObject\Pawns\AnimMachine\QueenAnimMachine">
      <UniqueIdentifier>{2d70b516-1a5e-445f-b0d9-dd1656657bcd}</UniqueIdentifier>
    </Filter>
    <Filter Include="03.GameObject\Camera">
      <UniqueIdentifier>{53286279-d3dd-4d8f-9894-7222e7a9c1c8}</UniqueIdentifier>
    </Filter>
    <Filter Include="03.GameObject\Camera\Free">
      <UniqueIdentifier>{2fd30b60-82b7-4ac1-8ab0-64196203461d}</UniqueIdentifier>
    </Filter>
    <Filter Include="04.Controller">
      <UniqueIdentifier>{99dc2a59-58e4-4f27-b4b2-83c785ce242e}</UniqueIdentifier>
    </Filter>
    <Filter Include="04.Controller\Keyboard">
      <UniqueIdentifier>{2b06519a-845e-4345-9a41-e97c38e6d282}</UniqueIdentifier>
    </Filter>
    <Filter Include="04.Controller\Mouse">
      <UniqueIdentifier>{a97b03b1-0f42-433f-a2f5-3bb7da669fa1}</UniqueIdentifier>
    </Filter>
    <Filter Include="04.Controller\UI">
      <UniqueIdentifier>{d8dd0ca2-6487-4e68-b02e-097fe2c84746}</UniqueIdentifier>
    </Filter>
    <Filter Include="03.GameObject\UIObject\GamePlay\Inventroy">
      <UniqueIdentifier>{db52d8e0-565a-4e24-b4a3-81f9bbe811c2}</UniqueIdentifier>
    </Filter>
    <Filter Include="03.GameObject\UIObject\GamePlay\Inventroy\Equipment">
      <UniqueIdentifier>{8c237587-b7fb-42c6-9864-37d919be9155}</UniqueIdentifier>
    </Filter>
    <Filter Include="03.GameObject\UIObject\GamePlay\Inventroy\Storage">
      <UniqueIdentifier>{16ab35c8-9b48-4a15-ba6b-12bba384e984}</UniqueIdentifier>
    </Filter>
    <Filter Include="03.GameObject\Equipment">
      <UniqueIdentifier>{79feeda7-8804-4340-8ba5-400a80af0a5f}</UniqueIdentifier>
    </Filter>
    <Filter Include="03.GameObject\Equipment\Armor">
      <UniqueIdentifier>{09e49895-4a60-4d26-9390-7e100e3dc131}</UniqueIdentifier>
    </Filter>
    <Filter Include="03.GameObject\Equipment\Weapon">
      <UniqueIdentifier>{02a5ea1d-58fc-4cb8-912d-1a4ff712897f}</UniqueIdentifier>
    </Filter>
    <Filter Include="03.GameObject\Equipment\Weapon\Sword">
      <UniqueIdentifier>{bb5b346c-11b1-41ae-bd18-cd2d7523df64}</UniqueIdentifier>
    </Filter>
    <Filter Include="03.GameObject\Equipment\Weapon\Sword\BastardSword">
      <UniqueIdentifier>{29d67f86-ad4b-482e-b7f3-994660d2360d}</UniqueIdentifier>
    </Filter>
    <Filter Include="03.GameObject\Equipment\Weapon\Shield">
      <UniqueIdentifier>{a64da96d-c1a5-4d30-87b3-0e5b06c7c906}</UniqueIdentifier>
    </Filter>
    <Filter Include="03.GameObject\Equipment\Weapon\Shield\RoundShield">
      <UniqueIdentifier>{15fe760a-64dc-436a-9670-8ada20414c0d}</UniqueIdentifier>
    </Filter>
    <Filter Include="03.GameObject\UIObject\GamePlay\Mouse">
      <UniqueIdentifier>{e4680a30-a4a9-43ad-b61f-9a34ab727da2}</UniqueIdentifier>
    </Filter>
    <Filter Include="03.GameObject\UIObject\GamePlay\Inventroy\Slot">
      <UniqueIdentifier>{0fff30b0-f1fd-46a5-ae21-4db296e07821}</UniqueIdentifier>
    </Filter>
    <Filter Include="01.Instance">
      <UniqueIdentifier>{45a16465-b941-427e-9267-f77f110f5b9a}</UniqueIdentifier>
    </Filter>
    <Filter Include="01.Instance\Player">
      <UniqueIdentifier>{4e5a0e78-895a-4a43-9b42-c385d7530386}</UniqueIdentifier>
    </Filter>
    <Filter Include="01.Instance\Player\Equip_Manager">
      <UniqueIdentifier>{d42ce48f-7b21-450f-86a8-21cdf72a3a9e}</UniqueIdentifier>
    </Filter>
    <Filter Include="01.Instance\Player\Storage_Manager">
      <UniqueIdentifier>{65ef9f0d-30ca-41e8-a776-0625986f80ab}</UniqueIdentifier>
    </Filter>
    <Filter Include="03.GameObject\Map">
      <UniqueIdentifier>{2ca07e59-9edc-42f6-af4c-ed7ef0be0179}</UniqueIdentifier>
    </Filter>
    <Filter Include="03.GameObject\Map\MapObject">
      <UniqueIdentifier>{639bf950-2ac8-4e65-bfca-1855b29a1905}</UniqueIdentifier>
    </Filter>
    <Filter Include="03.GameObject\Pawns\ColliderPawn">
      <UniqueIdentifier>{e0922e67-35b9-48d0-a0fb-3b3986a38d0f}</UniqueIdentifier>
    </Filter>
    <Filter Include="03.GameObject\Pawns\ColliderPawn\Player">
      <UniqueIdentifier>{e76ae3c2-b617-455a-9f85-87db20d7fe33}</UniqueIdentifier>
    </Filter>
    <Filter Include="03.GameObject\Pawns\ColliderPawn\Player\PlayerBody">
      <UniqueIdentifier>{5325e74b-3782-48d9-a55e-3ddd265ebfdc}</UniqueIdentifier>
    </Filter>
    <Filter Include="03.GameObject\Pawns\ColliderPawn\Monster">
      <UniqueIdentifier>{8ecc1fa5-89a1-44dc-bdc3-a07b71bdf744}</UniqueIdentifier>
    </Filter>
    <Filter Include="03.GameObject\Pawns\ColliderPawn\Monster\Glasgavelen">
      <UniqueIdentifier>{fba34bb4-ef2a-44c1-bc55-3092f9f5b863}</UniqueIdentifier>
    </Filter>
    <Filter Include="03.GameObject\Pawns\ColliderPawn\Monster\Glasgavelen\Weapon">
      <UniqueIdentifier>{05a18f33-96e4-4ee3-927d-238270bd23bb}</UniqueIdentifier>
    </Filter>
    <Filter Include="03.GameObject\Pawns\ColliderPawn\Monster\Glasgavelen\Body">
      <UniqueIdentifier>{eb60fe9f-be20-4352-bc1d-ef2edb3f1c12}</UniqueIdentifier>
    </Filter>
    <Filter Include="03.GameObject\Pawns\ColliderPawn\Monster\Vampire">
      <UniqueIdentifier>{7828b2ce-d475-41a9-a04a-e91696ed03ce}</UniqueIdentifier>
    </Filter>
    <Filter Include="03.GameObject\Pawns\ColliderPawn\Monster\Vampire\AI">
      <UniqueIdentifier>{14b90a9b-9c67-4765-8af6-a10d29731678}</UniqueIdentifier>
    </Filter>
    <Filter Include="03.GameObject\Pawns\ColliderPawn\Monster\Vampire\Vampire_Basic">
      <UniqueIdentifier>{ec67b74a-ce37-499f-97f5-a2eefe8da597}</UniqueIdentifier>
    </Filter>
    <Filter Include="03.GameObject\Pawns\ColliderPawn\Monster\Vampire\Vampire_Basic\Body">
      <UniqueIdentifier>{60a78b80-9acf-47b3-bfcb-7f722d16dba2}</UniqueIdentifier>
    </Filter>
    <Filter Include="03.GameObject\Pawns\ColliderPawn\Monster\Vampire\Vampire_Elder">
      <UniqueIdentifier>{1c7c6a9f-8c16-4cc1-b3e0-9a091652fa5d}</UniqueIdentifier>
    </Filter>
    <Filter Include="03.GameObject\Pawns\ColliderPawn\Monster\Vampire\Vampire_Elder\Body">
      <UniqueIdentifier>{670d2eb9-f412-41e8-814d-191ae15a99f0}</UniqueIdentifier>
    </Filter>
    <Filter Include="03.GameObject\Pawns\ColliderPawn\Monster\Vampire\Vampire_Royal">
      <UniqueIdentifier>{7493406b-6a72-4cb7-9bcc-90c992bcec89}</UniqueIdentifier>
    </Filter>
    <Filter Include="03.GameObject\Pawns\ColliderPawn\Monster\Vampire\Vampire_Royal\Body">
      <UniqueIdentifier>{f2b3461c-1419-4c5c-aa4b-0433d422a754}</UniqueIdentifier>
    </Filter>
    <Filter Include="03.GameObject\Pawns\ColliderPawn\Monster\Queen">
      <UniqueIdentifier>{9561be97-2964-441c-806c-d65c609a75aa}</UniqueIdentifier>
    </Filter>
    <Filter Include="03.GameObject\Pawns\ColliderPawn\Monster\Queen\Body">
      <UniqueIdentifier>{e11c14fd-fb35-48fc-9d31-c46c69323abb}</UniqueIdentifier>
    </Filter>
    <Filter Include="03.GameObject\Pawns\ColliderPawn\Monster\Queen\AI">
      <UniqueIdentifier>{8be7c1ef-abfe-46be-9133-c76b0309897a}</UniqueIdentifier>
    </Filter>
    <Filter Include="03.GameObject\Pawns\State">
      <UniqueIdentifier>{c586f923-d1c8-4945-af9d-f34318357ecd}</UniqueIdentifier>
    </Filter>
    <Filter Include="03.GameObject\Pawns\State\PlayerState">
      <UniqueIdentifier>{9c5ababc-c939-4237-8bf0-78ed58b5efe5}</UniqueIdentifier>
    </Filter>
    <Filter Include="03.GameObject\Pawns\State\PlayerState\Action">
      <UniqueIdentifier>{074df14b-8afe-4ba1-a37c-75b49080f444}</UniqueIdentifier>
    </Filter>
    <Filter Include="03.GameObject\Pawns\State\PlayerState\Action\Attack">
      <UniqueIdentifier>{8d39bad7-709e-4384-ba4f-6ea63b1f5f12}</UniqueIdentifier>
    </Filter>
    <Filter Include="03.GameObject\Pawns\State\PlayerState\Action\Smash">
      <UniqueIdentifier>{5148baf3-bed3-4bca-aff5-ef973cb04bd6}</UniqueIdentifier>
    </Filter>
    <Filter Include="03.GameObject\Pawns\State\PlayerState\Action\Smash\Smash0">
      <UniqueIdentifier>{10e44a59-e3bf-43c5-98af-f38950efcf03}</UniqueIdentifier>
    </Filter>
    <Filter Include="03.GameObject\Pawns\State\PlayerState\Action\Smash\Smash1">
      <UniqueIdentifier>{900ea364-329a-4dcf-9d5e-519d02914d18}</UniqueIdentifier>
    </Filter>
    <Filter Include="03.GameObject\Pawns\State\PlayerState\Action\Smash\Smash2">
      <UniqueIdentifier>{70693b5b-b082-4c1d-ae48-74d11c02e8b9}</UniqueIdentifier>
    </Filter>
    <Filter Include="03.GameObject\Pawns\State\PlayerState\Action\Smash\Smash3">
      <UniqueIdentifier>{217a5d9e-29e0-4de5-b03d-753042d9a9db}</UniqueIdentifier>
    </Filter>
    <Filter Include="03.GameObject\Pawns\State\PlayerState\Action\Smash\Smash4">
      <UniqueIdentifier>{fbcf3960-2f16-49bb-921f-6d8abcfd8c79}</UniqueIdentifier>
    </Filter>
    <Filter Include="03.GameObject\Pawns\State\PlayerState\Action\Smash\Guard_Counter">
      <UniqueIdentifier>{5d7b8a86-cf67-4677-9278-b3431ef054b8}</UniqueIdentifier>
    </Filter>
    <Filter Include="03.GameObject\Pawns\State\PlayerState\Action\Roll">
      <UniqueIdentifier>{2765dfee-9bfc-4383-ab17-1b42a6701ce1}</UniqueIdentifier>
    </Filter>
    <Filter Include="03.GameObject\Pawns\State\PlayerState\Action\Guard">
      <UniqueIdentifier>{b49bc489-9688-46f2-9bb8-aa5fdcfb07ee}</UniqueIdentifier>
    </Filter>
    <Filter Include="03.GameObject\Pawns\State\PlayerState\Action\HeavyStand">
      <UniqueIdentifier>{eee2bfe9-de81-43da-ba21-65cdea455db1}</UniqueIdentifier>
    </Filter>
    <Filter Include="03.GameObject\Pawns\State\PlayerState\Hit">
      <UniqueIdentifier>{d2026323-4d76-4a8b-a02b-33b38e69047f}</UniqueIdentifier>
    </Filter>
    <Filter Include="03.GameObject\Pawns\State\PlayerState\Hit\State_Hit_Light">
      <UniqueIdentifier>{bb4b3a78-550d-409b-b95e-53571668206e}</UniqueIdentifier>
    </Filter>
    <Filter Include="03.GameObject\Pawns\State\PlayerState\Hit\State_Hit_Middle">
      <UniqueIdentifier>{678f51b9-7057-47f3-89a0-b68b6b8aa14e}</UniqueIdentifier>
    </Filter>
    <Filter Include="03.GameObject\Pawns\State\PlayerState\Hit\State_Hit_Strong">
      <UniqueIdentifier>{133721da-6171-4cfa-9487-1f8fe65335e0}</UniqueIdentifier>
    </Filter>
    <Filter Include="03.GameObject\Pawns\State\PlayerState\Hit\State_Hit_Gaurd">
      <UniqueIdentifier>{a4601fd7-2257-440d-aa1a-9a050bde2d9f}</UniqueIdentifier>
    </Filter>
    <Filter Include="03.GameObject\Pawns\State\PlayerState\Hit\State_Hit_HeavyStand">
      <UniqueIdentifier>{38e79119-d9b2-4d3c-958a-257f026e4aec}</UniqueIdentifier>
    </Filter>
    <Filter Include="03.GameObject\Pawns\State\PlayerState\Idle">
      <UniqueIdentifier>{4ada9e0c-e083-4662-831d-2b5c6f7df67c}</UniqueIdentifier>
    </Filter>
    <Filter Include="03.GameObject\Pawns\State\PlayerState\Move">
      <UniqueIdentifier>{7f0d4b68-c147-4e32-9aad-93d86d133fe6}</UniqueIdentifier>
    </Filter>
    <Filter Include="03.GameObject\Pawns\AnimMachine\GavelenAnimMachine">
      <UniqueIdentifier>{6824a2fb-0d34-4051-963b-af11480e4635}</UniqueIdentifier>
    </Filter>
    <Filter Include="03.GameObject\Pawns\State\MonsterState">
      <UniqueIdentifier>{14f1a21b-9847-42d1-a161-bd45efc319ce}</UniqueIdentifier>
    </Filter>
    <Filter Include="03.GameObject\Pawns\State\MonsterState\Vampire">
      <UniqueIdentifier>{773020c4-0f78-4d08-93ee-dd2945a504d5}</UniqueIdentifier>
    </Filter>
    <Filter Include="03.GameObject\Pawns\State\Factory">
      <UniqueIdentifier>{3095f5f4-dc2a-45d3-aac6-69157f47cb19}</UniqueIdentifier>
    </Filter>
    <Filter Include="03.GameObject\Pawns\State\Factory\PlayerFactory">
      <UniqueIdentifier>{335beab5-b4db-450a-90f7-61654d3a5d04}</UniqueIdentifier>
    </Filter>
    <Filter Include="03.GameObject\Pawns\State\Factory\MosnterFactory">
      <UniqueIdentifier>{a2fd9fb0-265b-4170-9ed5-45090b0c5c9d}</UniqueIdentifier>
    </Filter>
    <Filter Include="03.GameObject\Pawns\State\MonsterState\Vampire\Attack">
      <UniqueIdentifier>{58be1a99-446d-4fcf-a59c-694f59a8c9f0}</UniqueIdentifier>
    </Filter>
    <Filter Include="03.GameObject\Pawns\State\MonsterState\Vampire\Hit">
      <UniqueIdentifier>{6e863593-8378-4621-b540-f6eb96c22648}</UniqueIdentifier>
    </Filter>
    <Filter Include="03.GameObject\Pawns\State\MonsterState\Vampire\Idle">
      <UniqueIdentifier>{54a39a00-3504-489f-88b8-8fba0eacb4e7}</UniqueIdentifier>
    </Filter>
    <Filter Include="03.GameObject\Pawns\State\MonsterState\Vampire\Move">
      <UniqueIdentifier>{6caf34da-c0f4-475d-8fea-b8aa4d0ce9ad}</UniqueIdentifier>
    </Filter>
    <Filter Include="03.GameObject\Pawns\State\MonsterState\Vampire\Patrol">
      <UniqueIdentifier>{4611892a-dfc5-4f88-82ef-8ac9b8657327}</UniqueIdentifier>
    </Filter>
    <Filter Include="03.GameObject\Pawns\State\MonsterState\Vampire\Spawn">
      <UniqueIdentifier>{e8c8daf7-8e0d-443c-bd87-f9bb6e4ac2b3}</UniqueIdentifier>
    </Filter>
    <Filter Include="03.GameObject\Pawns\State\MonsterState\Vampire\Attack\Elder">
      <UniqueIdentifier>{301e169e-704f-4661-a42f-2db7a7555833}</UniqueIdentifier>
    </Filter>
    <Filter Include="03.GameObject\Pawns\State\MonsterState\Vampire\Hit\HitStrong">
      <UniqueIdentifier>{f6948247-9549-452c-ac32-00a19174eb21}</UniqueIdentifier>
    </Filter>
    <Filter Include="03.GameObject\Pawns\State\MonsterState\Vampire\Dead">
      <UniqueIdentifier>{52eb2da5-3a3c-441d-8419-172b3f849d6b}</UniqueIdentifier>
    </Filter>
    <Filter Include="03.GameObject\Pawns\State\MonsterState\Vampire\Dead\DeadStrong">
      <UniqueIdentifier>{a81b9537-ba31-4049-b496-de9481172399}</UniqueIdentifier>
    </Filter>
    <Filter Include="03.GameObject\Pawns\State\MonsterState\Queen">
      <UniqueIdentifier>{b5f5443b-2444-4107-ad3d-cb32d5a173df}</UniqueIdentifier>
    </Filter>
    <Filter Include="03.GameObject\Pawns\State\MonsterState\Queen\Attack">
      <UniqueIdentifier>{46ca8d3a-6bee-48d3-a70f-6be0cc819cc5}</UniqueIdentifier>
    </Filter>
    <Filter Include="03.GameObject\Pawns\State\MonsterState\Queen\Burrow">
      <UniqueIdentifier>{cbb5fc96-8aed-4637-96f6-237c7a713ca0}</UniqueIdentifier>
    </Filter>
    <Filter Include="03.GameObject\Pawns\State\MonsterState\Queen\Spawn">
      <UniqueIdentifier>{1fa6d16f-2b18-498e-bd67-ec3aed80cc86}</UniqueIdentifier>
    </Filter>
    <Filter Include="03.GameObject\Pawns\State\MonsterState\Queen\Hit">
      <UniqueIdentifier>{96eded02-661f-4b10-8a52-e33b2521c96e}</UniqueIdentifier>
    </Filter>
    <Filter Include="03.GameObject\Pawns\State\MonsterState\Queen\Turn">
      <UniqueIdentifier>{3d09fe7a-c694-4455-afca-021b66ad3d05}</UniqueIdentifier>
    </Filter>
    <Filter Include="03.GameObject\Pawns\State\MonsterState\Queen\Move">
      <UniqueIdentifier>{84d321bd-0b9a-45db-a8db-4aa0d476ba72}</UniqueIdentifier>
    </Filter>
    <Filter Include="03.GameObject\Pawns\State\MonsterState\Queen\Attack\Near">
      <UniqueIdentifier>{6afbb8f9-f5f9-4ef2-8f52-8d409d7f736a}</UniqueIdentifier>
    </Filter>
    <Filter Include="03.GameObject\Pawns\State\MonsterState\Queen\Attack\Jump">
      <UniqueIdentifier>{5c26c96b-16aa-48d4-9f41-687224bed855}</UniqueIdentifier>
    </Filter>
    <Filter Include="03.GameObject\Pawns\State\MonsterState\Queen\Hit\Down">
      <UniqueIdentifier>{23c2e80d-8bc9-4429-955a-047621f18170}</UniqueIdentifier>
    </Filter>
    <Filter Include="03.GameObject\Pawns\State\MonsterState\Queen\Idle">
      <UniqueIdentifier>{d9d63a6b-308d-4f6a-8de5-9e699d1792c6}</UniqueIdentifier>
    </Filter>
    <Filter Include="03.GameObject\Pawns\State\MonsterState\Queen\Dead">
      <UniqueIdentifier>{1ec9d5eb-8b4c-44df-9b8b-d870543495e7}</UniqueIdentifier>
    </Filter>
    <Filter Include="03.GameObject\Pawns\State\MonsterState\Glasgavelen">
      <UniqueIdentifier>{83d5323d-1948-4075-b7fa-88d240fc422a}</UniqueIdentifier>
    </Filter>
    <Filter Include="03.GameObject\Pawns\State\MonsterState\Glasgavelen\Spawn">
      <UniqueIdentifier>{1df97a21-3fb0-47a2-81e3-4ae35cbec5e8}</UniqueIdentifier>
    </Filter>
    <Filter Include="03.GameObject\Pawns\State\MonsterState\Glasgavelen\Idle">
      <UniqueIdentifier>{544fe0f0-698e-498c-8511-105af7f981af}</UniqueIdentifier>
    </Filter>
    <Filter Include="03.GameObject\Pawns\State\MonsterState\Glasgavelen\Move">
      <UniqueIdentifier>{516e0ca3-ec13-44b6-bdc9-316cd3b424c2}</UniqueIdentifier>
    </Filter>
    <Filter Include="03.GameObject\Pawns\State\MonsterState\Glasgavelen\Turn">
      <UniqueIdentifier>{3e33254c-da1c-44a9-8446-98c948e023d3}</UniqueIdentifier>
    </Filter>
    <Filter Include="03.GameObject\Pawns\State\MonsterState\Glasgavelen\Attack">
      <UniqueIdentifier>{16b4f369-cd52-483f-8eff-9d36b4fe09fc}</UniqueIdentifier>
    </Filter>
    <Filter Include="03.GameObject\Pawns\State\MonsterState\Glasgavelen\Hang">
      <UniqueIdentifier>{07fac053-f1f9-4a4c-b495-786b62c5526a}</UniqueIdentifier>
    </Filter>
    <Filter Include="03.GameObject\Pawns\State\MonsterState\Glasgavelen\Grap">
      <UniqueIdentifier>{559044e4-d4f9-4d7d-82f0-2eae6042f376}</UniqueIdentifier>
    </Filter>
    <Filter Include="03.GameObject\Pawns\State\MonsterState\Glasgavelen\Attack\Rage">
      <UniqueIdentifier>{bffbff87-a4cf-4642-b79c-9b49eea10667}</UniqueIdentifier>
    </Filter>
    <Filter Include="03.GameObject\Pawns\State\MonsterState\Glasgavelen\Attack\Rage\Rage_Desend">
      <UniqueIdentifier>{6145279d-f827-4485-8f31-1135de3f0da9}</UniqueIdentifier>
    </Filter>
    <Filter Include="03.GameObject\Pawns\State\MonsterState\Glasgavelen\Attack\Desend">
      <UniqueIdentifier>{68b16501-5dd4-44ed-b21d-aac512058dbd}</UniqueIdentifier>
    </Filter>
    <Filter Include="03.GameObject\Pawns\State\MonsterState\Glasgavelen\Hit">
      <UniqueIdentifier>{3d9f2f35-6e41-403f-9144-283750dc964f}</UniqueIdentifier>
    </Filter>
    <Filter Include="03.GameObject\Pawns\State\MonsterState\Glasgavelen\Hit\Down">
      <UniqueIdentifier>{17eca5c4-b5ea-41c4-a968-40dfe19e7269}</UniqueIdentifier>
    </Filter>
    <Filter Include="03.GameObject\Pawns\State\MonsterState\Glasgavelen\Hit\WingBreak">
      <UniqueIdentifier>{6e00753f-38d1-480d-917e-51f15bef4aa9}</UniqueIdentifier>
    </Filter>
    <Filter Include="03.GameObject\Pawns\ColliderPawn\Monster\Glasgavelen\AI">
      <UniqueIdentifier>{48d68f22-3e3a-4f4d-adc0-38d03fa1f9b6}</UniqueIdentifier>
    </Filter>
    <Filter Include="03.GameObject\Pawns\State\PlayerState\Hit\Grap">
      <UniqueIdentifier>{bfbfb77f-8fe9-4746-bf4f-622aca78e8e5}</UniqueIdentifier>
    </Filter>
    <Filter Include="03.GameObject\Effect">
      <UniqueIdentifier>{ed71bdc4-cbe5-4ae5-b73f-98a6589d966a}</UniqueIdentifier>
    </Filter>
    <Filter Include="03.GameObject\Effect\Billboard">
      <UniqueIdentifier>{9644226e-193d-40c9-9367-4dcc0a10caea}</UniqueIdentifier>
    </Filter>
    <Filter Include="03.GameObject\Effect\Trail">
      <UniqueIdentifier>{cf9de3f8-12c5-48ff-8984-35e52b34600f}</UniqueIdentifier>
    </Filter>
    <Filter Include="01.Instance\Pool">
      <UniqueIdentifier>{805079d1-d68c-4e0c-b909-03890185eafd}</UniqueIdentifier>
    </Filter>
    <Filter Include="01.Instance\Pool\Pool_Manager">
      <UniqueIdentifier>{ed93d96e-5f5b-416a-abd9-639c9af76c1f}</UniqueIdentifier>
    </Filter>
    <Filter Include="01.Instance\Pool\Spawn_Manager">
      <UniqueIdentifier>{238be20a-b21b-489b-b8e1-6febf3104d12}</UniqueIdentifier>
    </Filter>
    <Filter Include="03.GameObject\Effect\Prefab">
      <UniqueIdentifier>{9dda7fbd-abd3-45c4-a0a6-1397d334d780}</UniqueIdentifier>
    </Filter>
    <Filter Include="03.GameObject\Effect\Static">
      <UniqueIdentifier>{4607269b-5fdd-4982-8740-804e0804f8b7}</UniqueIdentifier>
    </Filter>
    <Filter Include="03.GameObject\Projectile">
      <UniqueIdentifier>{99d7e417-227c-4191-9d09-879ce184067b}</UniqueIdentifier>
    </Filter>
    <Filter Include="03.GameObject\Projectile\FireBall">
      <UniqueIdentifier>{ec5f29ad-fe85-4caa-8792-7acc5be589e0}</UniqueIdentifier>
    </Filter>
    <Filter Include="03.GameObject\Projectile\EnergyBall">
      <UniqueIdentifier>{4cffd7e2-0cdc-4f6b-9822-a210e03090b2}</UniqueIdentifier>
    </Filter>
    <Filter Include="03.GameObject\Projectile\Rock">
      <UniqueIdentifier>{5b6a39f5-8379-4664-be2f-87be5962de08}</UniqueIdentifier>
    </Filter>
    <Filter Include="03.GameObject\UIObject\GamePlay\HUD\State">
      <UniqueIdentifier>{d1d4e71c-a9ed-4d79-96a5-bc0d3d8d662d}</UniqueIdentifier>
    </Filter>
    <Filter Include="03.GameObject\UIObject\GamePlay\BossHPBar">
      <UniqueIdentifier>{4cdf70f0-7e9d-4cdf-95df-df5bec122123}</UniqueIdentifier>
    </Filter>
    <Filter Include="03.GameObject\UIObject\GamePlay\BossHPBar\HPBar">
      <UniqueIdentifier>{57e0bee6-61e5-4e03-a5af-552ed920e0fc}</UniqueIdentifier>
    </Filter>
    <Filter Include="03.GameObject\Pawns\ColliderPawn\NPC">
      <UniqueIdentifier>{2685ec04-e720-4401-be43-bae983ee7e05}</UniqueIdentifier>
    </Filter>
    <Filter Include="03.GameObject\Pawns\AnimMachine\PuppyAnimMachine">
      <UniqueIdentifier>{15a5cfe2-d81e-4dca-81df-a512dc639c61}</UniqueIdentifier>
    </Filter>
    <Filter Include="03.GameObject\Pawns\ColliderPawn\NPC\Puppy">
      <UniqueIdentifier>{746cc94e-6e2f-491d-b182-dd16156d2c46}</UniqueIdentifier>
    </Filter>
    <Filter Include="03.GameObject\Pawns\ColliderPawn\NPC\Puppy\PuppyBody">
      <UniqueIdentifier>{55178912-34a2-4bd5-ac9c-42448d2006d3}</UniqueIdentifier>
    </Filter>
    <Filter Include="03.GameObject\Pawns\ColliderPawn\NPC\Puppy\Ai">
      <UniqueIdentifier>{e25e2035-699b-4a5c-bb8e-a9f71527715d}</UniqueIdentifier>
    </Filter>
    <Filter Include="03.GameObject\UIObject\GamePlay\Dyeing">
      <UniqueIdentifier>{ce2902a6-3c3b-4688-93ae-cdb215e6e212}</UniqueIdentifier>
    </Filter>
    <Filter Include="03.GameObject\UIObject\Static\Text">
      <UniqueIdentifier>{30afdba3-bffd-4196-92ed-df90e22f594e}</UniqueIdentifier>
    </Filter>
    <Filter Include="03.GameObject\UIObject\GamePlay\Dyeing\Dyeing">
      <UniqueIdentifier>{9e3a6b12-bcb0-4796-8f8e-df8d07e02581}</UniqueIdentifier>
    </Filter>
    <Filter Include="03.GameObject\UIObject\GamePlay\Dyeing\Dyeing\DyeingSlot">
      <UniqueIdentifier>{f7a51220-0e15-490c-9b3a-456264e78b93}</UniqueIdentifier>
    </Filter>
    <Filter Include="03.GameObject\UIObject\GamePlay\Dyeing\Dyeing\DyeingPanel">
      <UniqueIdentifier>{c1e8c03d-0285-4a22-b038-7f6201e5be70}</UniqueIdentifier>
    </Filter>
    <Filter Include="03.GameObject\UIObject\GamePlay\Dyeing\Dyeing\DyeingPanel\Palette">
      <UniqueIdentifier>{7824d1d7-c525-4d3a-8aba-16d526ea9f71}</UniqueIdentifier>
    </Filter>
    <Filter Include="03.GameObject\UIObject\GamePlay\Dyeing\Dyeing\DyeingPanel\Palette\ColorPoint">
      <UniqueIdentifier>{594ead25-9e96-45a0-aad6-ab00f1c01450}</UniqueIdentifier>
    </Filter>
    <Filter Include="03.GameObject\Pawns\ColliderPawn\NPC\Cat">
      <UniqueIdentifier>{67ec735b-876f-440c-b292-4b16d91b683c}</UniqueIdentifier>
    </Filter>
    <Filter Include="03.GameObject\Pawns\ColliderPawn\NPC\Cat\CatBody">
      <UniqueIdentifier>{63483857-bedb-4ff3-8b5e-cc0d79ceaa97}</UniqueIdentifier>
    </Filter>
    <Filter Include="03.GameObject\Pawns\AnimMachine\CatAnimMachine">
      <UniqueIdentifier>{9f53e4f6-2668-4090-9370-0c6470f89d8e}</UniqueIdentifier>
    </Filter>
    <Filter Include="03.GameObject\Effect\Distortion">
      <UniqueIdentifier>{a6207dc1-884f-4a88-9f6b-1c83c02b4e42}</UniqueIdentifier>
    </Filter>
    <Filter Include="03.GameObject\Camera\CS_Camera">
      <UniqueIdentifier>{3dbf9136-81a8-47ea-b2e4-052f174ab301}</UniqueIdentifier>
    </Filter>
    <Filter Include="03.GameObject\TriggerBox">
      <UniqueIdentifier>{6dca8c91-1531-4cdd-920a-17fe7f23c952}</UniqueIdentifier>
    </Filter>
    <Filter Include="03.GameObject\UIObject\GamePlay\WorldMap">
      <UniqueIdentifier>{8d8e53fb-4ec4-4376-bcf4-207b3805a902}</UniqueIdentifier>
    </Filter>
    <Filter Include="03.GameObject\Map\MapObject\WorldBoard">
      <UniqueIdentifier>{d7460b2e-fd99-42ba-961f-e71b2a79061e}</UniqueIdentifier>
    </Filter>
    <Filter Include="03.GameObject\SkyBox">
      <UniqueIdentifier>{d819caee-c087-4170-8e4e-c9d0696238d6}</UniqueIdentifier>
    </Filter>
    <Filter Include="03.GameObject\UIObject\DamageFont">
      <UniqueIdentifier>{8ff240fd-fbe1-4764-b036-046b4acdb6a6}</UniqueIdentifier>
    </Filter>
  </ItemGroup>
  <ItemGroup>
    <ClInclude Include="Client.h">
      <Filter>98.Defaults</Filter>
    </ClInclude>
    <ClInclude Include="framework.h">
      <Filter>98.Defaults</Filter>
    </ClInclude>
    <ClInclude Include="Resource.h">
      <Filter>98.Defaults</Filter>
    </ClInclude>
    <ClInclude Include="targetver.h">
      <Filter>98.Defaults</Filter>
    </ClInclude>
    <ClInclude Include="..\public\MainApp.h">
      <Filter>00.MainApp</Filter>
    </ClInclude>
    <ClInclude Include="..\public\Level_GamePlay.h">
      <Filter>02.Levels\GamePlay</Filter>
    </ClInclude>
    <ClInclude Include="..\public\Level_Loading.h">
      <Filter>02.Levels\Loading</Filter>
    </ClInclude>
    <ClInclude Include="..\public\Loader.h">
      <Filter>02.Levels\Loading\Loader</Filter>
    </ClInclude>
    <ClInclude Include="..\public\Level_Logo.h">
      <Filter>02.Levels\Logo</Filter>
    </ClInclude>
    <ClInclude Include="..\Public\Client_Defines.h">
      <Filter>99.Defines</Filter>
    </ClInclude>
    <ClInclude Include="..\Public\Event_Struct.h">
      <Filter>99.Defines</Filter>
    </ClInclude>
    <ClInclude Include="..\Public\Client_Enum.h">
      <Filter>99.Defines</Filter>
    </ClInclude>
    <ClInclude Include="..\public\LoadingScreen.h">
      <Filter>03.GameObject\UIObject\Loading</Filter>
    </ClInclude>
    <ClInclude Include="..\public\LogoScreen.h">
      <Filter>03.GameObject\UIObject\Logo</Filter>
    </ClInclude>
    <ClInclude Include="..\public\LoadingBar.h">
      <Filter>03.GameObject\UIObject\Loading</Filter>
    </ClInclude>
    <ClInclude Include="..\public\LoadingPoint.h">
      <Filter>03.GameObject\UIObject\Loading</Filter>
    </ClInclude>
    <ClInclude Include="..\public\Camera_Target.h">
      <Filter>03.GameObject\Camera</Filter>
    </ClInclude>
    <ClInclude Include="..\public\HUD.h">
      <Filter>03.GameObject\UIObject\GamePlay\HUD</Filter>
    </ClInclude>
    <ClInclude Include="..\public\OptionMain.h">
      <Filter>03.GameObject\UIObject\GamePlay\Option</Filter>
    </ClInclude>
    <ClInclude Include="..\Public\ClientPch.h">
      <Filter>99.Defines</Filter>
    </ClInclude>
    <ClInclude Include="..\public\OptionController.h">
      <Filter>03.GameObject\UIObject\GamePlay\OptionController</Filter>
    </ClInclude>
    <ClInclude Include="..\public\Background.h">
      <Filter>03.GameObject\UIObject\Static\Background</Filter>
    </ClInclude>
    <ClInclude Include="..\public\Button.h">
      <Filter>03.GameObject\UIObject\Static\Button</Filter>
    </ClInclude>
    <ClInclude Include="..\public\Panel.h">
      <Filter>03.GameObject\UIObject\Static\Panel</Filter>
    </ClInclude>
    <ClInclude Include="..\public\Bar.h">
      <Filter>03.GameObject\UIObject\Static\Bar</Filter>
    </ClInclude>
    <ClInclude Include="..\public\MapObject.h">
      <Filter>03.GameObject\Map\MapObject</Filter>
    </ClInclude>
    <ClInclude Include="..\public\PlayerState.h">
      <Filter>03.GameObject\Pawns\State\PlayerState</Filter>
    </ClInclude>
    <ClInclude Include="..\public\State_Idle.h">
      <Filter>03.GameObject\Pawns\State\PlayerState\Idle</Filter>
    </ClInclude>
    <ClInclude Include="..\public\State_Move.h">
      <Filter>03.GameObject\Pawns\State\PlayerState\Move</Filter>
    </ClInclude>
    <ClInclude Include="..\public\State_Attack.h">
      <Filter>03.GameObject\Pawns\State\PlayerState\Action\Attack</Filter>
    </ClInclude>
    <ClInclude Include="..\public\State_Guard.h">
      <Filter>03.GameObject\Pawns\State\PlayerState\Action\Guard</Filter>
    </ClInclude>
    <ClInclude Include="..\public\State_Roll.h">
      <Filter>03.GameObject\Pawns\State\PlayerState\Action\Roll</Filter>
    </ClInclude>
    <ClInclude Include="..\public\PlayerPawn.h">
      <Filter>03.GameObject\Pawns\ColliderPawn\Player</Filter>
    </ClInclude>
    <ClInclude Include="..\public\PlayerBody.h">
      <Filter>03.GameObject\Pawns\ColliderPawn\Player\PlayerBody</Filter>
    </ClInclude>
    <ClInclude Include="..\Public\StateFactory.h">
      <Filter>03.GameObject\Pawns\State\Factory\PlayerFactory</Filter>
    </ClInclude>
    <ClInclude Include="..\public\PlayerAnimMachine.h">
      <Filter>03.GameObject\Pawns\AnimMachine\PlayerAnimMachine</Filter>
    </ClInclude>
    <ClInclude Include="AnimTable.h">
      <Filter>99.Defines</Filter>
    </ClInclude>
    <ClInclude Include="..\public\State_Smash0.h">
      <Filter>03.GameObject\Pawns\State\PlayerState\Action\Smash\Smash0</Filter>
    </ClInclude>
    <ClInclude Include="..\public\State_Smash2.h">
      <Filter>03.GameObject\Pawns\State\PlayerState\Action\Smash\Smash2</Filter>
    </ClInclude>
    <ClInclude Include="..\public\State_Smash1.h">
      <Filter>03.GameObject\Pawns\State\PlayerState\Action\Smash\Smash1</Filter>
    </ClInclude>
    <ClInclude Include="..\public\State_Smash4.h">
      <Filter>03.GameObject\Pawns\State\PlayerState\Action\Smash\Smash4</Filter>
    </ClInclude>
    <ClInclude Include="..\public\State_Smash3.h">
      <Filter>03.GameObject\Pawns\State\PlayerState\Action\Smash\Smash3</Filter>
    </ClInclude>
    <ClInclude Include="..\public\State_HeavyStand.h">
      <Filter>03.GameObject\Pawns\State\PlayerState\Action\HeavyStand</Filter>
    </ClInclude>
    <ClInclude Include="..\public\BastardSword.h">
      <Filter>03.GameObject\Equipment\Weapon\Sword\BastardSword</Filter>
    </ClInclude>
    <ClInclude Include="..\public\RoundShield.h">
      <Filter>03.GameObject\Equipment\Weapon\Shield\RoundShield</Filter>
    </ClInclude>
    <ClInclude Include="..\public\Armor.h">
      <Filter>03.GameObject\Equipment\Armor</Filter>
    </ClInclude>
    <ClInclude Include="..\Public\Client_Struct.h">
      <Filter>99.Defines</Filter>
    </ClInclude>
    <ClInclude Include="..\public\GlasgavelenBody.h">
      <Filter>03.GameObject\Pawns\ColliderPawn\Monster\Glasgavelen\Body</Filter>
    </ClInclude>
    <ClInclude Include="..\public\Glasgavelen.h">
      <Filter>03.GameObject\Pawns\ColliderPawn\Monster\Glasgavelen</Filter>
    </ClInclude>
    <ClInclude Include="..\public\GlasgavelenSword.h">
      <Filter>03.GameObject\Pawns\ColliderPawn\Monster\Glasgavelen\Weapon</Filter>
    </ClInclude>
    <ClInclude Include="..\public\VampireAI.h">
      <Filter>03.GameObject\Pawns\ColliderPawn\Monster\Vampire\AI</Filter>
    </ClInclude>
    <ClInclude Include="..\public\Monster.h">
      <Filter>03.GameObject\Pawns\ColliderPawn\Monster</Filter>
    </ClInclude>
    <ClInclude Include="..\public\Vampire.h">
      <Filter>03.GameObject\Pawns\ColliderPawn\Monster\Vampire</Filter>
    </ClInclude>
    <ClInclude Include="..\public\Vampire_Basic.h">
      <Filter>03.GameObject\Pawns\ColliderPawn\Monster\Vampire\Vampire_Basic</Filter>
    </ClInclude>
    <ClInclude Include="..\public\Vampire_Basic_Body.h">
      <Filter>03.GameObject\Pawns\ColliderPawn\Monster\Vampire\Vampire_Basic\Body</Filter>
    </ClInclude>
    <ClInclude Include="..\public\Body.h">
      <Filter>03.GameObject\Pawns\BodyBase</Filter>
    </ClInclude>
    <ClInclude Include="..\public\AnimMachine.h">
      <Filter>03.GameObject\Pawns\AnimMachine</Filter>
    </ClInclude>
    <ClInclude Include="..\public\Vampire_AnimMachine.h">
      <Filter>03.GameObject\Pawns\AnimMachine\Vampire_AnimMachine</Filter>
    </ClInclude>
    <ClInclude Include="..\public\Vampire_Elder.h">
      <Filter>03.GameObject\Pawns\ColliderPawn\Monster\Vampire\Vampire_Elder</Filter>
    </ClInclude>
    <ClInclude Include="..\Public\Vampire_Elder_Body.h">
      <Filter>03.GameObject\Pawns\ColliderPawn\Monster\Vampire\Vampire_Elder\Body</Filter>
    </ClInclude>
    <ClInclude Include="..\Public\Vampire_Royal.h">
      <Filter>03.GameObject\Pawns\ColliderPawn\Monster\Vampire\Vampire_Royal</Filter>
    </ClInclude>
    <ClInclude Include="..\Public\Vampire_Royal_Body.h">
      <Filter>03.GameObject\Pawns\ColliderPawn\Monster\Vampire\Vampire_Royal\Body</Filter>
    </ClInclude>
    <ClInclude Include="..\public\Queen.h">
      <Filter>03.GameObject\Pawns\ColliderPawn\Monster\Queen</Filter>
    </ClInclude>
    <ClInclude Include="..\public\Queen_Body.h">
      <Filter>03.GameObject\Pawns\ColliderPawn\Monster\Queen\Body</Filter>
    </ClInclude>
    <ClInclude Include="..\public\QueenAI.h">
      <Filter>03.GameObject\Pawns\ColliderPawn\Monster\Queen\AI</Filter>
    </ClInclude>
    <ClInclude Include="..\public\QueenAnimMachine.h">
      <Filter>03.GameObject\Pawns\AnimMachine\QueenAnimMachine</Filter>
    </ClInclude>
    <ClInclude Include="..\public\Map.h">
      <Filter>03.GameObject\Map</Filter>
    </ClInclude>
    <ClInclude Include="..\public\Level_Town.h">
      <Filter>02.Levels\GamePlay\Level_Town</Filter>
    </ClInclude>
    <ClInclude Include="..\Public\Camera_Free.h">
      <Filter>03.GameObject\Camera\Free</Filter>
    </ClInclude>
    <ClInclude Include="..\public\Level_Queen.h">
      <Filter>02.Levels\GamePlay\Level_Queen</Filter>
    </ClInclude>
    <ClInclude Include="..\public\Level_Field.h">
      <Filter>02.Levels\GamePlay\Level_Field</Filter>
    </ClInclude>
    <ClInclude Include="..\public\Level_Glasgavelen.h">
      <Filter>02.Levels\GamePlay\Level_Glasgavelen</Filter>
    </ClInclude>
    <ClInclude Include="..\public\UI_Container.h">
      <Filter>03.GameObject\UIObject\UI_Container</Filter>
    </ClInclude>
    <ClInclude Include="UITable.h">
      <Filter>99.Defines</Filter>
    </ClInclude>
    <ClInclude Include="..\Public\Controller_KeyBoard.h">
      <Filter>04.Controller\Keyboard</Filter>
    </ClInclude>
    <ClInclude Include="..\public\Controller_Mouse.h">
      <Filter>04.Controller\Mouse</Filter>
    </ClInclude>
    <ClInclude Include="..\public\Controller_UI.h">
      <Filter>04.Controller\UI</Filter>
    </ClInclude>
    <ClInclude Include="..\public\Weapon.h">
      <Filter>03.GameObject\Equipment\Weapon</Filter>
    </ClInclude>
    <ClInclude Include="..\public\Storage.h">
      <Filter>03.GameObject\UIObject\GamePlay\Inventroy\Storage</Filter>
    </ClInclude>
    <ClInclude Include="..\public\Mouse.h">
      <Filter>03.GameObject\UIObject\GamePlay\Mouse</Filter>
    </ClInclude>
    <ClInclude Include="..\public\Equipment.h">
      <Filter>03.GameObject\UIObject\GamePlay\Inventroy\Equipment</Filter>
    </ClInclude>
    <ClInclude Include="..\public\Inventory.h">
      <Filter>03.GameObject\UIObject\GamePlay\Inventroy</Filter>
    </ClInclude>
    <ClInclude Include="..\public\Slot.h">
      <Filter>03.GameObject\UIObject\GamePlay\Inventroy\Slot</Filter>
    </ClInclude>
    <ClInclude Include="..\public\PlayerInstance.h">
      <Filter>01.Instance\Player</Filter>
    </ClInclude>
    <ClInclude Include="..\public\Pool_Instance.h">
      <Filter>01.Instance\Pool</Filter>
    </ClInclude>
    <ClInclude Include="..\public\Storage_Manager.h">
      <Filter>01.Instance\Player\Storage_Manager</Filter>
    </ClInclude>
    <ClInclude Include="..\public\Equipment_Manager.h">
      <Filter>01.Instance\Player\Equip_Manager</Filter>
    </ClInclude>
    <ClInclude Include="..\public\Spawn_Manager.h">
      <Filter>01.Instance\Pool\Spawn_Manager</Filter>
    </ClInclude>
    <ClInclude Include="..\public\ColliderPawn.h">
      <Filter>03.GameObject\Pawns\ColliderPawn</Filter>
    </ClInclude>
    <ClInclude Include="..\public\State_GuardCounter.h">
      <Filter>03.GameObject\Pawns\State\PlayerState\Action\Smash\Guard_Counter</Filter>
    </ClInclude>
    <ClInclude Include="..\public\State_Hit_Light.h">
      <Filter>03.GameObject\Pawns\State\PlayerState\Hit\State_Hit_Light</Filter>
    </ClInclude>
    <ClInclude Include="..\public\State_Hit_Strong.h">
      <Filter>03.GameObject\Pawns\State\PlayerState\Hit\State_Hit_Strong</Filter>
    </ClInclude>
    <ClInclude Include="..\public\State_Hit_Middle.h">
      <Filter>03.GameObject\Pawns\State\PlayerState\Hit\State_Hit_Middle</Filter>
    </ClInclude>
    <ClInclude Include="..\public\State_Hit_Guard.h">
      <Filter>03.GameObject\Pawns\State\PlayerState\Hit\State_Hit_Gaurd</Filter>
    </ClInclude>
    <ClInclude Include="..\public\State_Hit_HeavyStand.h">
      <Filter>03.GameObject\Pawns\State\PlayerState\Hit\State_Hit_HeavyStand</Filter>
    </ClInclude>
    <ClInclude Include="..\public\State.h">
      <Filter>03.GameObject\Pawns\State</Filter>
    </ClInclude>
    <ClInclude Include="..\public\GavelenAnimMachine.h">
      <Filter>03.GameObject\Pawns\AnimMachine\GavelenAnimMachine</Filter>
    </ClInclude>
    <ClInclude Include="..\Public\MonsterState.h">
      <Filter>03.GameObject\Pawns\State\MonsterState</Filter>
    </ClInclude>
    <ClInclude Include="..\Public\MonsterStateFactory.h">
      <Filter>03.GameObject\Pawns\State\Factory\MosnterFactory</Filter>
    </ClInclude>
    <ClInclude Include="..\Public\VS_Spawn.h">
      <Filter>03.GameObject\Pawns\State\MonsterState\Vampire\Spawn</Filter>
    </ClInclude>
    <ClInclude Include="..\Public\VS_Attack.h">
      <Filter>03.GameObject\Pawns\State\MonsterState\Vampire\Attack</Filter>
    </ClInclude>
    <ClInclude Include="..\Public\VS_HitStrong.h">
      <Filter>03.GameObject\Pawns\State\MonsterState\Vampire\Hit\HitStrong</Filter>
    </ClInclude>
    <ClInclude Include="..\Public\VS_Hit.h">
      <Filter>03.GameObject\Pawns\State\MonsterState\Vampire\Hit</Filter>
    </ClInclude>
    <ClInclude Include="..\Public\VS_Idle.h">
      <Filter>03.GameObject\Pawns\State\MonsterState\Vampire\Idle</Filter>
    </ClInclude>
    <ClInclude Include="..\Public\VS_Move.h">
      <Filter>03.GameObject\Pawns\State\MonsterState\Vampire\Move</Filter>
    </ClInclude>
    <ClInclude Include="..\Public\VS_Patrol.h">
      <Filter>03.GameObject\Pawns\State\MonsterState\Vampire\Patrol</Filter>
    </ClInclude>
    <ClInclude Include="..\public\VS_ElderAttack.h">
      <Filter>03.GameObject\Pawns\State\MonsterState\Vampire\Attack\Elder</Filter>
    </ClInclude>
    <ClInclude Include="..\public\VS_DeadStrong.h">
      <Filter>03.GameObject\Pawns\State\MonsterState\Vampire\Dead\DeadStrong</Filter>
    </ClInclude>
    <ClInclude Include="..\public\VS_Dead.h">
      <Filter>03.GameObject\Pawns\State\MonsterState\Vampire\Dead</Filter>
    </ClInclude>
    <ClInclude Include="..\Public\QS_Attack.h">
      <Filter>03.GameObject\Pawns\State\MonsterState\Queen\Attack</Filter>
    </ClInclude>
    <ClInclude Include="..\Public\QS_Dead.h">
      <Filter>03.GameObject\Pawns\State\MonsterState\Queen\Dead</Filter>
    </ClInclude>
    <ClInclude Include="..\Public\QS_Down.h">
      <Filter>03.GameObject\Pawns\State\MonsterState\Queen\Hit\Down</Filter>
    </ClInclude>
    <ClInclude Include="..\Public\QS_Idle.h">
      <Filter>03.GameObject\Pawns\State\MonsterState\Queen\Idle</Filter>
    </ClInclude>
    <ClInclude Include="..\Public\QS_Hit.h">
      <Filter>03.GameObject\Pawns\State\MonsterState\Queen\Hit</Filter>
    </ClInclude>
    <ClInclude Include="..\Public\QS_Move.h">
      <Filter>03.GameObject\Pawns\State\MonsterState\Queen\Move</Filter>
    </ClInclude>
    <ClInclude Include="..\Public\QS_Spawn.h">
      <Filter>03.GameObject\Pawns\State\MonsterState\Queen\Spawn</Filter>
    </ClInclude>
    <ClInclude Include="..\public\QS_Jump.h">
      <Filter>03.GameObject\Pawns\State\MonsterState\Queen\Attack\Jump</Filter>
    </ClInclude>
    <ClInclude Include="..\public\QS_NearAttack.h">
      <Filter>03.GameObject\Pawns\State\MonsterState\Queen\Attack\Near</Filter>
    </ClInclude>
    <ClInclude Include="..\public\QS_Burrow.h">
      <Filter>03.GameObject\Pawns\State\MonsterState\Queen\Burrow</Filter>
    </ClInclude>
    <ClInclude Include="..\public\QS_Turn.h">
      <Filter>03.GameObject\Pawns\State\MonsterState\Queen\Turn</Filter>
    </ClInclude>
    <ClInclude Include="..\public\GS_Spawn.h">
      <Filter>03.GameObject\Pawns\State\MonsterState\Glasgavelen\Spawn</Filter>
    </ClInclude>
    <ClInclude Include="..\public\GS_Turn.h">
      <Filter>03.GameObject\Pawns\State\MonsterState\Glasgavelen\Turn</Filter>
    </ClInclude>
    <ClInclude Include="..\public\GS_Attack.h">
      <Filter>03.GameObject\Pawns\State\MonsterState\Glasgavelen\Attack</Filter>
    </ClInclude>
    <ClInclude Include="..\public\GS_RageAttack.h">
      <Filter>03.GameObject\Pawns\State\MonsterState\Glasgavelen\Attack\Rage</Filter>
    </ClInclude>
    <ClInclude Include="..\public\GS_RageDesend.h">
      <Filter>03.GameObject\Pawns\State\MonsterState\Glasgavelen\Attack\Rage\Rage_Desend</Filter>
    </ClInclude>
    <ClInclude Include="..\public\GS_Desend.h">
      <Filter>03.GameObject\Pawns\State\MonsterState\Glasgavelen\Attack\Desend</Filter>
    </ClInclude>
    <ClInclude Include="..\public\GS_Grap.h">
      <Filter>03.GameObject\Pawns\State\MonsterState\Glasgavelen\Grap</Filter>
    </ClInclude>
    <ClInclude Include="..\public\GS_Hang.h">
      <Filter>03.GameObject\Pawns\State\MonsterState\Glasgavelen\Hang</Filter>
    </ClInclude>
    <ClInclude Include="..\public\GS_Idle.h">
      <Filter>03.GameObject\Pawns\State\MonsterState\Glasgavelen\Idle</Filter>
    </ClInclude>
    <ClInclude Include="..\public\GS_Down.h">
      <Filter>03.GameObject\Pawns\State\MonsterState\Glasgavelen\Hit\Down</Filter>
    </ClInclude>
    <ClInclude Include="..\public\GS_Hit.h">
      <Filter>03.GameObject\Pawns\State\MonsterState\Glasgavelen\Hit</Filter>
    </ClInclude>
    <ClInclude Include="..\public\GS_Move.h">
      <Filter>03.GameObject\Pawns\State\MonsterState\Glasgavelen\Move</Filter>
    </ClInclude>
    <ClInclude Include="..\public\GS_WingBreak.h">
      <Filter>03.GameObject\Pawns\State\MonsterState\Glasgavelen\Hit\WingBreak</Filter>
    </ClInclude>
    <ClInclude Include="..\public\GlasgavelenAI.h">
      <Filter>03.GameObject\Pawns\ColliderPawn\Monster\Glasgavelen\AI</Filter>
    </ClInclude>
    <ClInclude Include="..\public\State_Grap.h">
      <Filter>03.GameObject\Pawns\State\PlayerState\Hit\Grap</Filter>
    </ClInclude>
    <ClInclude Include="..\public\Effect_Trail.h">
      <Filter>03.GameObject\Effect\Trail</Filter>
    </ClInclude>
    <ClInclude Include="..\public\Effect.h">
      <Filter>03.GameObject\Effect</Filter>
    </ClInclude>
    <ClInclude Include="..\public\Pooling_Manager.h">
      <Filter>01.Instance\Pool\Pool_Manager</Filter>
    </ClInclude>
    <ClInclude Include="..\public\Effect_Prefab.h">
      <Filter>03.GameObject\Effect\Prefab</Filter>
    </ClInclude>
    <ClInclude Include="..\public\Projectile.h">
      <Filter>03.GameObject\Projectile</Filter>
    </ClInclude>
    <ClInclude Include="..\public\FireBall.h">
      <Filter>03.GameObject\Projectile\FireBall</Filter>
    </ClInclude>
    <ClInclude Include="..\Public\Effect_Static.h">
      <Filter>03.GameObject\Effect\Static</Filter>
    </ClInclude>
    <ClInclude Include="..\public\Effect_Billboard.h">
      <Filter>03.GameObject\Effect\Billboard</Filter>
    </ClInclude>
    <ClInclude Include="..\public\EnergyBall.h">
      <Filter>03.GameObject\Projectile\EnergyBall</Filter>
    </ClInclude>
    <ClInclude Include="..\public\GavelenRock.h">
      <Filter>03.GameObject\Projectile\Rock</Filter>
    </ClInclude>
    <ClInclude Include="..\Public\StateBar.h">
      <Filter>03.GameObject\UIObject\GamePlay\HUD\State</Filter>
    </ClInclude>
    <ClInclude Include="..\public\BossHP.h">
      <Filter>03.GameObject\UIObject\GamePlay\BossHPBar</Filter>
    </ClInclude>
    <ClInclude Include="..\public\BossHPBar.h">
      <Filter>03.GameObject\UIObject\GamePlay\BossHPBar\HPBar</Filter>
    </ClInclude>
    <ClInclude Include="..\public\Palette.h">
      <Filter>03.GameObject\UIObject\GamePlay\Dyeing\Dyeing\DyeingPanel\Palette</Filter>
    </ClInclude>
    <ClInclude Include="..\public\PuppyAnimMachine.h">
      <Filter>03.GameObject\Pawns\AnimMachine\PuppyAnimMachine</Filter>
    </ClInclude>
    <ClInclude Include="..\public\Puppy.h">
      <Filter>03.GameObject\Pawns\ColliderPawn\NPC\Puppy</Filter>
    </ClInclude>
    <ClInclude Include="..\public\PuppyAI.h">
      <Filter>03.GameObject\Pawns\ColliderPawn\NPC\Puppy\Ai</Filter>
    </ClInclude>
    <ClInclude Include="..\public\PuppyBody.h">
      <Filter>03.GameObject\Pawns\ColliderPawn\NPC\Puppy\PuppyBody</Filter>
    </ClInclude>
    <ClInclude Include="..\public\Dyeing.h">
      <Filter>03.GameObject\UIObject\GamePlay\Dyeing\Dyeing</Filter>
    </ClInclude>
    <ClInclude Include="..\public\NPCDialog.h">
      <Filter>03.GameObject\UIObject\GamePlay\Dyeing</Filter>
    </ClInclude>
    <ClInclude Include="..\public\DyeingSlots.h">
      <Filter>03.GameObject\UIObject\GamePlay\Dyeing\Dyeing\DyeingSlot</Filter>
    </ClInclude>
    <ClInclude Include="..\public\DyeingPalette.h">
      <Filter>03.GameObject\UIObject\GamePlay\Dyeing\Dyeing\DyeingPanel</Filter>
    </ClInclude>
    <ClInclude Include="..\public\ColorPoint.h">
      <Filter>03.GameObject\UIObject\GamePlay\Dyeing\Dyeing\DyeingPanel\Palette\ColorPoint</Filter>
    </ClInclude>
    <ClInclude Include="..\public\Cat.h">
      <Filter>03.GameObject\Pawns\ColliderPawn\NPC\Cat</Filter>
    </ClInclude>
    <ClInclude Include="..\public\Cat_Body.h">
      <Filter>03.GameObject\Pawns\ColliderPawn\NPC\Cat\CatBody</Filter>
    </ClInclude>
    <ClInclude Include="..\Public\CatAnimMachine.h">
      <Filter>03.GameObject\Pawns\AnimMachine\CatAnimMachine</Filter>
    </ClInclude>
    <ClInclude Include="..\public\Effect_Distortion.h">
      <Filter>03.GameObject\Effect\Distortion</Filter>
    </ClInclude>
    <ClInclude Include="..\public\Camera_CS.h">
      <Filter>03.GameObject\Camera\CS_Camera</Filter>
    </ClInclude>
    <ClInclude Include="..\public\TriggerBox.h">
      <Filter>03.GameObject\TriggerBox</Filter>
    </ClInclude>
    <ClInclude Include="..\public\GS_Cutscene.h">
      <Filter>03.GameObject\Pawns\State\MonsterState\Glasgavelen\Spawn</Filter>
    </ClInclude>
    <ClInclude Include="..\public\WorldMap.h">
      <Filter>03.GameObject\UIObject\GamePlay\WorldMap</Filter>
    </ClInclude>
    <ClInclude Include="..\public\WorldBoard.h">
      <Filter>03.GameObject\Map\MapObject\WorldBoard</Filter>
    </ClInclude>
    <ClInclude Include="..\public\SkyBox.h">
      <Filter>03.GameObject\SkyBox</Filter>
    </ClInclude>
    <ClInclude Include="..\public\DamageFont.h">
      <Filter>03.GameObject\UIObject\DamageFont</Filter>
    </ClInclude>
  </ItemGroup>
  <ItemGroup>
    <Image Include="Client.ico">
      <Filter>98.Defaults</Filter>
    </Image>
    <Image Include="small.ico">
      <Filter>98.Defaults</Filter>
    </Image>
  </ItemGroup>
  <ItemGroup>
    <ResourceCompile Include="Client.rc">
      <Filter>98.Defaults</Filter>
    </ResourceCompile>
  </ItemGroup>
  <ItemGroup>
    <ClCompile Include="Client.cpp">
      <Filter>98.Defaults</Filter>
    </ClCompile>
    <ClCompile Include="..\private\MainApp.cpp">
      <Filter>00.MainApp</Filter>
    </ClCompile>
    <ClCompile Include="..\private\Level_GamePlay.cpp">
      <Filter>02.Levels\GamePlay</Filter>
    </ClCompile>
    <ClCompile Include="..\private\Level_Loading.cpp">
      <Filter>02.Levels\Loading</Filter>
    </ClCompile>
    <ClCompile Include="..\private\Loader.cpp">
      <Filter>02.Levels\Loading\Loader</Filter>
    </ClCompile>
    <ClCompile Include="..\private\Level_Logo.cpp">
      <Filter>02.Levels\Logo</Filter>
    </ClCompile>
    <ClCompile Include="..\private\LoadingScreen.cpp">
      <Filter>03.GameObject\UIObject\Loading</Filter>
    </ClCompile>
    <ClCompile Include="..\private\LogoScreen.cpp">
      <Filter>03.GameObject\UIObject\Logo</Filter>
    </ClCompile>
    <ClCompile Include="..\private\LoadingBar.cpp">
      <Filter>03.GameObject\UIObject\Loading</Filter>
    </ClCompile>
    <ClCompile Include="..\private\LoadingPoint.cpp">
      <Filter>03.GameObject\UIObject\Loading</Filter>
    </ClCompile>
    <ClCompile Include="..\private\Camera_Target.cpp">
      <Filter>03.GameObject\Camera</Filter>
    </ClCompile>
    <ClCompile Include="..\private\HUD.cpp">
      <Filter>03.GameObject\UIObject\GamePlay\HUD</Filter>
    </ClCompile>
    <ClCompile Include="..\Private\ClientPch.cpp">
      <Filter>99.Defines</Filter>
    </ClCompile>
    <ClCompile Include="..\private\OptionController.cpp">
      <Filter>03.GameObject\UIObject\GamePlay\OptionController</Filter>
    </ClCompile>
    <ClCompile Include="..\private\Background.cpp">
      <Filter>03.GameObject\UIObject\Static\Background</Filter>
    </ClCompile>
    <ClCompile Include="..\private\Button.cpp">
      <Filter>03.GameObject\UIObject\Static\Button</Filter>
    </ClCompile>
    <ClCompile Include="..\private\Panel.cpp">
      <Filter>03.GameObject\UIObject\Static\Panel</Filter>
    </ClCompile>
    <ClCompile Include="..\private\Bar.cpp">
      <Filter>03.GameObject\UIObject\Static\Bar</Filter>
    </ClCompile>
    <ClCompile Include="..\private\MapObject.cpp">
      <Filter>03.GameObject\Map\MapObject</Filter>
    </ClCompile>
    <ClCompile Include="..\private\PlayerState.cpp">
      <Filter>03.GameObject\Pawns\State\PlayerState</Filter>
    </ClCompile>
    <ClCompile Include="..\private\State_Idle.cpp">
      <Filter>03.GameObject\Pawns\State\PlayerState\Idle</Filter>
    </ClCompile>
    <ClCompile Include="..\private\State_Move.cpp">
      <Filter>03.GameObject\Pawns\State\PlayerState\Move</Filter>
    </ClCompile>
    <ClCompile Include="..\private\State_Attack.cpp">
      <Filter>03.GameObject\Pawns\State\PlayerState\Action\Attack</Filter>
    </ClCompile>
    <ClCompile Include="..\private\State_Guard.cpp">
      <Filter>03.GameObject\Pawns\State\PlayerState\Action\Guard</Filter>
    </ClCompile>
    <ClCompile Include="..\private\State_Roll.cpp">
      <Filter>03.GameObject\Pawns\State\PlayerState\Action\Roll</Filter>
    </ClCompile>
    <ClCompile Include="..\private\PlayerPawn.cpp">
      <Filter>03.GameObject\Pawns\ColliderPawn\Player</Filter>
    </ClCompile>
    <ClCompile Include="..\private\PlayerBody.cpp">
      <Filter>03.GameObject\Pawns\ColliderPawn\Player\PlayerBody</Filter>
    </ClCompile>
    <ClCompile Include="..\Private\StateFactory.cpp">
      <Filter>03.GameObject\Pawns\State\Factory\PlayerFactory</Filter>
    </ClCompile>
    <ClCompile Include="..\private\PlayerAnimMachine.cpp">
      <Filter>03.GameObject\Pawns\AnimMachine\PlayerAnimMachine</Filter>
    </ClCompile>
    <ClCompile Include="..\Private\OptionMain.cpp">
      <Filter>03.GameObject\UIObject\GamePlay\Option</Filter>
    </ClCompile>
    <ClCompile Include="..\private\State_Smash0.cpp">
      <Filter>03.GameObject\Pawns\State\PlayerState\Action\Smash\Smash0</Filter>
    </ClCompile>
    <ClCompile Include="..\private\State_Smash2.cpp">
      <Filter>03.GameObject\Pawns\State\PlayerState\Action\Smash\Smash2</Filter>
    </ClCompile>
    <ClCompile Include="..\private\State_Smash1.cpp">
      <Filter>03.GameObject\Pawns\State\PlayerState\Action\Smash\Smash1</Filter>
    </ClCompile>
    <ClCompile Include="..\private\State_Smash4.cpp">
      <Filter>03.GameObject\Pawns\State\PlayerState\Action\Smash\Smash4</Filter>
    </ClCompile>
    <ClCompile Include="..\private\State_Smash3.cpp">
      <Filter>03.GameObject\Pawns\State\PlayerState\Action\Smash\Smash3</Filter>
    </ClCompile>
    <ClCompile Include="..\private\State_HeavyStand.cpp">
      <Filter>03.GameObject\Pawns\State\PlayerState\Action\HeavyStand</Filter>
    </ClCompile>
    <ClCompile Include="..\private\BastardSword.cpp">
      <Filter>03.GameObject\Equipment\Weapon\Sword\BastardSword</Filter>
    </ClCompile>
    <ClCompile Include="..\private\RoundShield.cpp">
      <Filter>03.GameObject\Equipment\Weapon\Shield\RoundShield</Filter>
    </ClCompile>
    <ClCompile Include="..\private\Armor.cpp">
      <Filter>03.GameObject\Equipment\Armor</Filter>
    </ClCompile>
    <ClCompile Include="..\private\GlasgavelenBody.cpp">
      <Filter>03.GameObject\Pawns\ColliderPawn\Monster\Glasgavelen\Body</Filter>
    </ClCompile>
    <ClCompile Include="..\private\Glasgavelen.cpp">
      <Filter>03.GameObject\Pawns\ColliderPawn\Monster\Glasgavelen</Filter>
    </ClCompile>
    <ClCompile Include="..\private\GlasgavelenSword.cpp">
      <Filter>03.GameObject\Pawns\ColliderPawn\Monster\Glasgavelen\Weapon</Filter>
    </ClCompile>
    <ClCompile Include="..\private\VampireAI.cpp">
      <Filter>03.GameObject\Pawns\ColliderPawn\Monster\Vampire\AI</Filter>
    </ClCompile>
    <ClCompile Include="..\private\Monster.cpp">
      <Filter>03.GameObject\Pawns\ColliderPawn\Monster</Filter>
    </ClCompile>
    <ClCompile Include="..\private\Vampire.cpp">
      <Filter>03.GameObject\Pawns\ColliderPawn\Monster\Vampire</Filter>
    </ClCompile>
    <ClCompile Include="..\private\Vampire_Basic.cpp">
      <Filter>03.GameObject\Pawns\ColliderPawn\Monster\Vampire\Vampire_Basic</Filter>
    </ClCompile>
    <ClCompile Include="..\private\Vampire_Basic_Body.cpp">
      <Filter>03.GameObject\Pawns\ColliderPawn\Monster\Vampire\Vampire_Basic\Body</Filter>
    </ClCompile>
    <ClCompile Include="..\private\Body.cpp">
      <Filter>03.GameObject\Pawns\BodyBase</Filter>
    </ClCompile>
    <ClCompile Include="..\private\AnimMachine.cpp">
      <Filter>03.GameObject\Pawns\AnimMachine</Filter>
    </ClCompile>
    <ClCompile Include="..\private\Vampire_AnimMachine.cpp">
      <Filter>03.GameObject\Pawns\AnimMachine\Vampire_AnimMachine</Filter>
    </ClCompile>
    <ClCompile Include="..\private\Vampire_Elder.cpp">
      <Filter>03.GameObject\Pawns\ColliderPawn\Monster\Vampire\Vampire_Elder</Filter>
    </ClCompile>
    <ClCompile Include="..\Private\Vampire_Elder_Body .cpp">
      <Filter>03.GameObject\Pawns\ColliderPawn\Monster\Vampire\Vampire_Elder\Body</Filter>
    </ClCompile>
    <ClCompile Include="..\Private\Vampire_Royal.cpp">
      <Filter>03.GameObject\Pawns\ColliderPawn\Monster\Vampire\Vampire_Royal</Filter>
    </ClCompile>
    <ClCompile Include="..\Private\Vampire_Royal_Body.cpp">
      <Filter>03.GameObject\Pawns\ColliderPawn\Monster\Vampire\Vampire_Royal\Body</Filter>
    </ClCompile>
    <ClCompile Include="..\private\Queen.cpp">
      <Filter>03.GameObject\Pawns\ColliderPawn\Monster\Queen</Filter>
    </ClCompile>
    <ClCompile Include="..\private\Queen_Body.cpp">
      <Filter>03.GameObject\Pawns\ColliderPawn\Monster\Queen\Body</Filter>
    </ClCompile>
    <ClCompile Include="..\private\QueenAI.cpp">
      <Filter>03.GameObject\Pawns\ColliderPawn\Monster\Queen\AI</Filter>
    </ClCompile>
    <ClCompile Include="..\private\QueenAnimMachine.cpp">
      <Filter>03.GameObject\Pawns\AnimMachine\QueenAnimMachine</Filter>
    </ClCompile>
    <ClCompile Include="..\private\Map.cpp">
      <Filter>03.GameObject\Map</Filter>
    </ClCompile>
    <ClCompile Include="..\private\Level_Town.cpp">
      <Filter>02.Levels\GamePlay\Level_Town</Filter>
    </ClCompile>
    <ClCompile Include="..\Private\Camera_Free.cpp">
      <Filter>03.GameObject\Camera\Free</Filter>
    </ClCompile>
    <ClCompile Include="..\private\Level_Queen.cpp">
      <Filter>02.Levels\GamePlay\Level_Queen</Filter>
    </ClCompile>
    <ClCompile Include="..\private\Level_Field.cpp">
      <Filter>02.Levels\GamePlay\Level_Field</Filter>
    </ClCompile>
    <ClCompile Include="..\private\Level_Glasgavelen.cpp">
      <Filter>02.Levels\GamePlay\Level_Glasgavelen</Filter>
    </ClCompile>
    <ClCompile Include="..\private\UI_Container.cpp">
      <Filter>03.GameObject\UIObject\UI_Container</Filter>
    </ClCompile>
    <ClCompile Include="..\Private\Controller_KeyBoard.cpp">
      <Filter>04.Controller\Keyboard</Filter>
    </ClCompile>
    <ClCompile Include="..\private\Controller_Mouse.cpp">
      <Filter>04.Controller\Mouse</Filter>
    </ClCompile>
    <ClCompile Include="..\private\Controller_UI.cpp">
      <Filter>04.Controller\UI</Filter>
    </ClCompile>
    <ClCompile Include="..\private\Weapon.cpp">
      <Filter>03.GameObject\Equipment\Weapon</Filter>
    </ClCompile>
    <ClCompile Include="..\private\Storage.cpp">
      <Filter>03.GameObject\UIObject\GamePlay\Inventroy\Storage</Filter>
    </ClCompile>
    <ClCompile Include="..\private\Mouse.cpp">
      <Filter>03.GameObject\UIObject\GamePlay\Mouse</Filter>
    </ClCompile>
    <ClCompile Include="..\private\Equipment.cpp">
      <Filter>03.GameObject\UIObject\GamePlay\Inventroy\Equipment</Filter>
    </ClCompile>
    <ClCompile Include="..\private\Inventory.cpp">
      <Filter>03.GameObject\UIObject\GamePlay\Inventroy</Filter>
    </ClCompile>
    <ClCompile Include="..\private\Slot.cpp">
      <Filter>03.GameObject\UIObject\GamePlay\Inventroy\Slot</Filter>
    </ClCompile>
    <ClCompile Include="..\private\PlayerInstance.cpp">
      <Filter>01.Instance\Player</Filter>
    </ClCompile>
    <ClCompile Include="..\private\Pool_Instance.cpp">
      <Filter>01.Instance\Pool</Filter>
    </ClCompile>
    <ClCompile Include="..\private\Storage_Manager.cpp">
      <Filter>01.Instance\Player\Storage_Manager</Filter>
    </ClCompile>
    <ClCompile Include="..\private\Equipment_Manager.cpp">
      <Filter>01.Instance\Player\Equip_Manager</Filter>
    </ClCompile>
    <ClCompile Include="..\private\Spawn_Manager.cpp">
      <Filter>01.Instance\Pool\Spawn_Manager</Filter>
    </ClCompile>
    <ClCompile Include="..\private\ColliderPawn.cpp">
      <Filter>03.GameObject\Pawns\ColliderPawn</Filter>
    </ClCompile>
    <ClCompile Include="..\private\State_GuardCounter.cpp">
      <Filter>03.GameObject\Pawns\State\PlayerState\Action\Smash\Guard_Counter</Filter>
    </ClCompile>
    <ClCompile Include="..\private\State_Hit_Light.cpp">
      <Filter>03.GameObject\Pawns\State\PlayerState\Hit\State_Hit_Light</Filter>
    </ClCompile>
    <ClCompile Include="..\private\State_Hit_Strong.cpp">
      <Filter>03.GameObject\Pawns\State\PlayerState\Hit\State_Hit_Strong</Filter>
    </ClCompile>
    <ClCompile Include="..\private\State_Hit_Middle.cpp">
      <Filter>03.GameObject\Pawns\State\PlayerState\Hit\State_Hit_Middle</Filter>
    </ClCompile>
    <ClCompile Include="..\private\State_Hit_Guard.cpp">
      <Filter>03.GameObject\Pawns\State\PlayerState\Hit\State_Hit_Gaurd</Filter>
    </ClCompile>
    <ClCompile Include="..\private\State_Hit_HeavyStand.cpp">
      <Filter>03.GameObject\Pawns\State\PlayerState\Hit\State_Hit_HeavyStand</Filter>
    </ClCompile>
    <ClCompile Include="..\private\State.cpp">
      <Filter>03.GameObject\Pawns\State</Filter>
    </ClCompile>
    <ClCompile Include="..\private\GavelenAnimMachine.cpp">
      <Filter>03.GameObject\Pawns\AnimMachine\GavelenAnimMachine</Filter>
    </ClCompile>
    <ClCompile Include="..\Private\MonsterState.cpp">
      <Filter>03.GameObject\Pawns\State\MonsterState</Filter>
    </ClCompile>
    <ClCompile Include="..\Private\MonsterStateFactory.cpp">
      <Filter>03.GameObject\Pawns\State\Factory\MosnterFactory</Filter>
    </ClCompile>
    <ClCompile Include="..\Private\VS_Spawn.cpp">
      <Filter>03.GameObject\Pawns\State\MonsterState\Vampire\Spawn</Filter>
    </ClCompile>
    <ClCompile Include="..\Private\VS_Attack.cpp">
      <Filter>03.GameObject\Pawns\State\MonsterState\Vampire\Attack</Filter>
    </ClCompile>
    <ClCompile Include="..\Private\VS_Hit.cpp">
      <Filter>03.GameObject\Pawns\State\MonsterState\Vampire\Hit</Filter>
    </ClCompile>
    <ClCompile Include="..\Private\VS_HitStrong.cpp">
      <Filter>03.GameObject\Pawns\State\MonsterState\Vampire\Hit\HitStrong</Filter>
    </ClCompile>
    <ClCompile Include="..\Private\VS_Idle.cpp">
      <Filter>03.GameObject\Pawns\State\MonsterState\Vampire\Idle</Filter>
    </ClCompile>
    <ClCompile Include="..\Private\VS_Move.cpp">
      <Filter>03.GameObject\Pawns\State\MonsterState\Vampire\Move</Filter>
    </ClCompile>
    <ClCompile Include="..\Private\VS_Patrol.cpp">
      <Filter>03.GameObject\Pawns\State\MonsterState\Vampire\Patrol</Filter>
    </ClCompile>
    <ClCompile Include="..\private\VS_ElderAttack.cpp">
      <Filter>03.GameObject\Pawns\State\MonsterState\Vampire\Attack\Elder</Filter>
    </ClCompile>
    <ClCompile Include="..\private\VS_DeadStrong.cpp">
      <Filter>03.GameObject\Pawns\State\MonsterState\Vampire\Dead\DeadStrong</Filter>
    </ClCompile>
    <ClCompile Include="..\private\VS_Dead.cpp">
      <Filter>03.GameObject\Pawns\State\MonsterState\Vampire\Dead</Filter>
    </ClCompile>
    <ClCompile Include="..\Private\QS_Attack.cpp">
      <Filter>03.GameObject\Pawns\State\MonsterState\Queen\Attack</Filter>
    </ClCompile>
    <ClCompile Include="..\Private\QS_Hit.cpp">
      <Filter>03.GameObject\Pawns\State\MonsterState\Queen\Hit</Filter>
    </ClCompile>
    <ClCompile Include="..\Private\QS_Down.cpp">
      <Filter>03.GameObject\Pawns\State\MonsterState\Queen\Hit\Down</Filter>
    </ClCompile>
    <ClCompile Include="..\Private\QS_Move.cpp">
      <Filter>03.GameObject\Pawns\State\MonsterState\Queen\Move</Filter>
    </ClCompile>
    <ClCompile Include="..\Private\QS_Idle.cpp">
      <Filter>03.GameObject\Pawns\State\MonsterState\Queen\Idle</Filter>
    </ClCompile>
    <ClCompile Include="..\Private\QS_Spawn.cpp">
      <Filter>03.GameObject\Pawns\State\MonsterState\Queen\Spawn</Filter>
    </ClCompile>
    <ClCompile Include="..\Private\QS_Dead.cpp">
      <Filter>03.GameObject\Pawns\State\MonsterState\Queen\Dead</Filter>
    </ClCompile>
    <ClCompile Include="..\private\QS_Jump.cpp">
      <Filter>03.GameObject\Pawns\State\MonsterState\Queen\Attack\Jump</Filter>
    </ClCompile>
    <ClCompile Include="..\private\QS_NearAttack.cpp">
      <Filter>03.GameObject\Pawns\State\MonsterState\Queen\Attack\Near</Filter>
    </ClCompile>
    <ClCompile Include="..\private\QS_Burrow.cpp">
      <Filter>03.GameObject\Pawns\State\MonsterState\Queen\Burrow</Filter>
    </ClCompile>
    <ClCompile Include="..\private\QS_Turn.cpp">
      <Filter>03.GameObject\Pawns\State\MonsterState\Queen\Turn</Filter>
    </ClCompile>
    <ClCompile Include="..\private\GS_Spawn.cpp">
      <Filter>03.GameObject\Pawns\State\MonsterState\Glasgavelen\Spawn</Filter>
    </ClCompile>
    <ClCompile Include="..\private\GS_Turn.cpp">
      <Filter>03.GameObject\Pawns\State\MonsterState\Glasgavelen\Turn</Filter>
    </ClCompile>
    <ClCompile Include="..\private\GS_Attack.cpp">
      <Filter>03.GameObject\Pawns\State\MonsterState\Glasgavelen\Attack</Filter>
    </ClCompile>
    <ClCompile Include="..\private\GS_RageAttack.cpp">
      <Filter>03.GameObject\Pawns\State\MonsterState\Glasgavelen\Attack\Rage</Filter>
    </ClCompile>
    <ClCompile Include="..\private\GS_RageDesend.cpp">
      <Filter>03.GameObject\Pawns\State\MonsterState\Glasgavelen\Attack\Rage\Rage_Desend</Filter>
    </ClCompile>
    <ClCompile Include="..\private\GS_Desend.cpp">
      <Filter>03.GameObject\Pawns\State\MonsterState\Glasgavelen\Attack\Desend</Filter>
    </ClCompile>
    <ClCompile Include="..\private\GS_Grap.cpp">
      <Filter>03.GameObject\Pawns\State\MonsterState\Glasgavelen\Grap</Filter>
    </ClCompile>
    <ClCompile Include="..\private\GS_Hang.cpp">
      <Filter>03.GameObject\Pawns\State\MonsterState\Glasgavelen\Hang</Filter>
    </ClCompile>
    <ClCompile Include="..\private\GS_Idle.cpp">
      <Filter>03.GameObject\Pawns\State\MonsterState\Glasgavelen\Idle</Filter>
    </ClCompile>
    <ClCompile Include="..\private\GS_Down.cpp">
      <Filter>03.GameObject\Pawns\State\MonsterState\Glasgavelen\Hit\Down</Filter>
    </ClCompile>
    <ClCompile Include="..\private\GS_Hit.cpp">
      <Filter>03.GameObject\Pawns\State\MonsterState\Glasgavelen\Hit</Filter>
    </ClCompile>
    <ClCompile Include="..\private\GS_Move.cpp">
      <Filter>03.GameObject\Pawns\State\MonsterState\Glasgavelen\Move</Filter>
    </ClCompile>
    <ClCompile Include="..\private\GS_WingBreak.cpp">
      <Filter>03.GameObject\Pawns\State\MonsterState\Glasgavelen\Hit\WingBreak</Filter>
    </ClCompile>
    <ClCompile Include="..\private\GlasgavelenAI.cpp">
      <Filter>03.GameObject\Pawns\ColliderPawn\Monster\Glasgavelen\AI</Filter>
    </ClCompile>
    <ClCompile Include="..\private\State_Grap.cpp">
      <Filter>03.GameObject\Pawns\State\PlayerState\Hit\Grap</Filter>
    </ClCompile>
    <ClCompile Include="..\private\Effect_Trail.cpp">
      <Filter>03.GameObject\Effect\Trail</Filter>
    </ClCompile>
    <ClCompile Include="..\private\Effect.cpp">
      <Filter>03.GameObject\Effect</Filter>
    </ClCompile>
    <ClCompile Include="..\private\Pooling_Manager.cpp">
      <Filter>01.Instance\Pool\Pool_Manager</Filter>
    </ClCompile>
    <ClCompile Include="..\private\Effect_Prefab.cpp">
      <Filter>03.GameObject\Effect\Prefab</Filter>
    </ClCompile>
    <ClCompile Include="..\private\Projectile.cpp">
      <Filter>03.GameObject\Projectile</Filter>
    </ClCompile>
    <ClCompile Include="..\private\FireBall.cpp">
      <Filter>03.GameObject\Projectile\FireBall</Filter>
    </ClCompile>
    <ClCompile Include="..\Private\Effect_Static.cpp">
      <Filter>03.GameObject\Effect\Static</Filter>
    </ClCompile>
    <ClCompile Include="..\private\Effect_Billboard.cpp">
      <Filter>03.GameObject\Effect\Billboard</Filter>
    </ClCompile>
    <ClCompile Include="..\private\EnergyBall.cpp">
      <Filter>03.GameObject\Projectile\EnergyBall</Filter>
    </ClCompile>
    <ClCompile Include="..\private\GavelenRock.cpp">
      <Filter>03.GameObject\Projectile\Rock</Filter>
    </ClCompile>
    <ClCompile Include="..\Private\StateBar.cpp">
      <Filter>03.GameObject\UIObject\GamePlay\HUD\State</Filter>
    </ClCompile>
    <ClCompile Include="..\private\BossHP.cpp">
      <Filter>03.GameObject\UIObject\GamePlay\BossHPBar</Filter>
    </ClCompile>
    <ClCompile Include="..\private\BossHPBar.cpp">
      <Filter>03.GameObject\UIObject\GamePlay\BossHPBar\HPBar</Filter>
    </ClCompile>
    <ClCompile Include="..\private\Palette.cpp">
      <Filter>03.GameObject\UIObject\GamePlay\Dyeing\Dyeing\DyeingPanel\Palette</Filter>
    </ClCompile>
    <ClCompile Include="..\private\PuppyAnimMachine.cpp">
      <Filter>03.GameObject\Pawns\AnimMachine\PuppyAnimMachine</Filter>
    </ClCompile>
    <ClCompile Include="..\private\Puppy.cpp">
      <Filter>03.GameObject\Pawns\ColliderPawn\NPC\Puppy</Filter>
    </ClCompile>
    <ClCompile Include="..\private\PuppyAI.cpp">
      <Filter>03.GameObject\Pawns\ColliderPawn\NPC\Puppy\Ai</Filter>
    </ClCompile>
    <ClCompile Include="..\private\PuppyBody.cpp">
      <Filter>03.GameObject\Pawns\ColliderPawn\NPC\Puppy\PuppyBody</Filter>
    </ClCompile>
    <ClCompile Include="..\private\Dyeing.cpp">
      <Filter>03.GameObject\UIObject\GamePlay\Dyeing\Dyeing</Filter>
    </ClCompile>
    <ClCompile Include="..\private\NPCDialog.cpp">
      <Filter>03.GameObject\UIObject\GamePlay\Dyeing</Filter>
    </ClCompile>
    <ClCompile Include="..\private\DyeingSlots.cpp">
      <Filter>03.GameObject\UIObject\GamePlay\Dyeing\Dyeing\DyeingSlot</Filter>
    </ClCompile>
    <ClCompile Include="..\private\DyeingPalette.cpp">
      <Filter>03.GameObject\UIObject\GamePlay\Dyeing\Dyeing\DyeingPanel</Filter>
    </ClCompile>
    <ClCompile Include="..\private\ColorPoint.cpp">
      <Filter>03.GameObject\UIObject\GamePlay\Dyeing\Dyeing\DyeingPanel\Palette\ColorPoint</Filter>
    </ClCompile>
    <ClCompile Include="..\private\Cat.cpp">
      <Filter>03.GameObject\Pawns\ColliderPawn\NPC\Cat</Filter>
    </ClCompile>
    <ClCompile Include="..\private\Cat_Body.cpp">
      <Filter>03.GameObject\Pawns\ColliderPawn\NPC\Cat\CatBody</Filter>
    </ClCompile>
    <ClCompile Include="..\Private\CatAnimMachine.cpp">
      <Filter>03.GameObject\Pawns\AnimMachine\CatAnimMachine</Filter>
    </ClCompile>
    <ClCompile Include="..\private\Effect_Distortion.cpp">
      <Filter>03.GameObject\Effect\Distortion</Filter>
    </ClCompile>
    <ClCompile Include="..\private\Camera_CS.cpp">
      <Filter>03.GameObject\Camera\CS_Camera</Filter>
    </ClCompile>
    <ClCompile Include="..\private\TriggerBox.cpp">
      <Filter>03.GameObject\TriggerBox</Filter>
    </ClCompile>
    <ClCompile Include="..\private\GS_Cutscene.cpp">
      <Filter>03.GameObject\Pawns\State\MonsterState\Glasgavelen\Spawn</Filter>
    </ClCompile>
    <ClCompile Include="..\private\WorldMap.cpp">
      <Filter>03.GameObject\UIObject\GamePlay\WorldMap</Filter>
    </ClCompile>
    <ClCompile Include="..\private\WorldBoard.cpp">
      <Filter>03.GameObject\Map\MapObject\WorldBoard</Filter>
    </ClCompile>
    <ClCompile Include="..\private\SkyBox.cpp">
      <Filter>03.GameObject\SkyBox</Filter>
    </ClCompile>
    <ClCompile Include="..\private\DamageFont.cpp">
      <Filter>03.GameObject\UIObject\DamageFont</Filter>
    </ClCompile>
  </ItemGroup>
  <ItemGroup>
    <FxCompile Include="..\Bin\ShaderFiles\Shader_VtxPosTex.hlsl">
      <Filter>97.ShaderFiles</Filter>
    </FxCompile>
    <FxCompile Include="..\Bin\ShaderFiles\Shader_VtxMesh.hlsl">
      <Filter>97.ShaderFiles</Filter>
    </FxCompile>
    <FxCompile Include="..\Bin\ShaderFiles\Shader_VtxNorTex.hlsl">
      <Filter>97.ShaderFiles</Filter>
    </FxCompile>
    <FxCompile Include="..\Bin\ShaderFiles\Shader_VtxAnimMesh.hlsl">
      <Filter>97.ShaderFiles</Filter>
    </FxCompile>
    <FxCompile Include="..\Bin\ShaderFiles\Shader_VtxInstance_Particle.hlsl">
      <Filter>97.ShaderFiles</Filter>
    </FxCompile>
    <FxCompile Include="..\Bin\ShaderFiles\Shader_VtxInstance_PointParticle.hlsl">
      <Filter>97.ShaderFiles</Filter>
    </FxCompile>
    <FxCompile Include="..\Bin\ShaderFiles\Shader_VtxTrail.hlsl">
      <Filter>97.ShaderFiles</Filter>
    </FxCompile>
    <FxCompile Include="..\Bin\ShaderFiles\Shader_Palette.hlsl">
      <Filter>97.ShaderFiles</Filter>
    </FxCompile>
    <FxCompile Include="..\Bin\ShaderFiles\Shader_Effect_Distortion.hlsl">
      <Filter>97.ShaderFiles</Filter>
    </FxCompile>
    <FxCompile Include="..\Bin\ShaderFiles\Shader_VtxCube.hlsl">
      <Filter>97.ShaderFiles</Filter>
    </FxCompile>
  </ItemGroup>
</Project>