<?xml version="1.0" encoding="utf-8"?>
<Project ToolsVersion="4.0" xmlns="http://schemas.microsoft.com/developer/msbuild/2003">
  <ItemGroup>
    <Filter Include="98.Defaults">
      <UniqueIdentifier>{796a97b5-a9f9-4727-a380-abaf911b6011}</UniqueIdentifier>
    </Filter>
    <Filter Include="99.Defines">
      <UniqueIdentifier>{87430cc9-bdb5-4921-a408-7ac82e1fdd91}</UniqueIdentifier>
    </Filter>
    <Filter Include="00.MainApp">
      <UniqueIdentifier>{6dc40b73-3221-4ce1-b4e7-e0142a2df85d}</UniqueIdentifier>
    </Filter>
    <Filter Include="01.Levels">
      <UniqueIdentifier>{47241e83-a0f6-4b8c-a78f-19fce34818f4}</UniqueIdentifier>
    </Filter>
    <Filter Include="01.Levels\GamePlay">
      <UniqueIdentifier>{9fcec439-8bb5-46e7-81bc-f401093c77a2}</UniqueIdentifier>
    </Filter>
    <Filter Include="01.Levels\Loading">
      <UniqueIdentifier>{b4ff1bb4-8c5f-4c91-9074-7b5f0fd3068e}</UniqueIdentifier>
    </Filter>
    <Filter Include="01.Levels\Loading\Loader">
      <UniqueIdentifier>{aef88141-ab26-4dc9-a8fe-7010776d6d5b}</UniqueIdentifier>
    </Filter>
    <Filter Include="01.Levels\Logo">
      <UniqueIdentifier>{8efafbf9-e876-47cc-88ba-ad25bc38c69e}</UniqueIdentifier>
    </Filter>
    <Filter Include="02.GameObject">
      <UniqueIdentifier>{13d34374-d51a-4b83-9983-e1a08fc692f0}</UniqueIdentifier>
    </Filter>
    <Filter Include="02.GameObject\UIObject">
      <UniqueIdentifier>{12c19376-a6c9-4db0-95ca-b116485a18bb}</UniqueIdentifier>
    </Filter>
    <Filter Include="02.GameObject\UIObject\Logo">
      <UniqueIdentifier>{663f6d98-11ba-438c-99b9-1406a1fe843d}</UniqueIdentifier>
    </Filter>
    <Filter Include="02.GameObject\UIObject\Loading">
      <UniqueIdentifier>{fc7e9559-cc44-48d5-b0fb-55ccbd6ae479}</UniqueIdentifier>
    </Filter>
    <Filter Include="02.GameObject\UIObject\GamePlay">
      <UniqueIdentifier>{e09314ea-c9cf-4170-9b10-fc01544610b5}</UniqueIdentifier>
    </Filter>
    <Filter Include="02.GameObject\UIObject\GamePlay\HUD">
      <UniqueIdentifier>{1cff8f92-4619-46e0-8494-51c719def440}</UniqueIdentifier>
    </Filter>
    <Filter Include="02.GameObject\UIObject\GamePlay\Option">
      <UniqueIdentifier>{3c7af0dd-663d-4b6f-bfab-39c72a7e68b5}</UniqueIdentifier>
    </Filter>
    <Filter Include="02.GameObject\UIObject\GamePlay\OptionController">
      <UniqueIdentifier>{166339c0-8123-4505-957b-e8cbbd01a34d}</UniqueIdentifier>
    </Filter>
    <Filter Include="03.Controller">
      <UniqueIdentifier>{99dc2a59-58e4-4f27-b4b2-83c785ce242e}</UniqueIdentifier>
    </Filter>
    <Filter Include="02.GameObject\UIObject\Static">
      <UniqueIdentifier>{9b5a3425-2493-4e94-a944-22b17a5c2c60}</UniqueIdentifier>
    </Filter>
    <Filter Include="02.GameObject\UIObject\Static\Background">
      <UniqueIdentifier>{894bcd7f-e626-4263-b8aa-5837632cb147}</UniqueIdentifier>
    </Filter>
    <Filter Include="02.GameObject\UIObject\Static\Button">
      <UniqueIdentifier>{3f709017-faa8-4a54-896b-0a8fa92454cc}</UniqueIdentifier>
    </Filter>
    <Filter Include="02.GameObject\UIObject\Static\Panel">
      <UniqueIdentifier>{75274f8e-fba3-4800-9d95-1645c708fcda}</UniqueIdentifier>
    </Filter>
    <Filter Include="02.GameObject\UIObject\Static\Bar">
      <UniqueIdentifier>{ac98ff6d-3684-43f3-891f-9f78d974127a}</UniqueIdentifier>
    </Filter>
    <Filter Include="97.ShaderFiles">
      <UniqueIdentifier>{5191c7ce-16b1-4664-9c92-827c72f29e2e}</UniqueIdentifier>
    </Filter>
    <Filter Include="02.GameObject\MapObject">
      <UniqueIdentifier>{639bf950-2ac8-4e65-bfca-1855b29a1905}</UniqueIdentifier>
    </Filter>
    <Filter Include="02.GameObject\Player">
      <UniqueIdentifier>{e76ae3c2-b617-455a-9f85-87db20d7fe33}</UniqueIdentifier>
    </Filter>
    <Filter Include="02.GameObject\Player\Camera">
      <UniqueIdentifier>{53286279-d3dd-4d8f-9894-7222e7a9c1c8}</UniqueIdentifier>
    </Filter>
    <Filter Include="02.GameObject\Player\PlayerState">
      <UniqueIdentifier>{9c5ababc-c939-4237-8bf0-78ed58b5efe5}</UniqueIdentifier>
    </Filter>
    <Filter Include="02.GameObject\Player\PlayerState\State_Idle">
      <UniqueIdentifier>{4ada9e0c-e083-4662-831d-2b5c6f7df67c}</UniqueIdentifier>
    </Filter>
    <Filter Include="02.GameObject\Player\PlayerState\State_Move">
      <UniqueIdentifier>{7f0d4b68-c147-4e32-9aad-93d86d133fe6}</UniqueIdentifier>
    </Filter>
    <Filter Include="02.GameObject\Player\PlayerState\State_Action">
      <UniqueIdentifier>{074df14b-8afe-4ba1-a37c-75b49080f444}</UniqueIdentifier>
    </Filter>
    <Filter Include="02.GameObject\Player\PlayerState\State_Action\Attack">
      <UniqueIdentifier>{8d39bad7-709e-4384-ba4f-6ea63b1f5f12}</UniqueIdentifier>
    </Filter>
    <Filter Include="02.GameObject\Player\PlayerState\State_Action\Smash">
      <UniqueIdentifier>{5148baf3-bed3-4bca-aff5-ef973cb04bd6}</UniqueIdentifier>
    </Filter>
    <Filter Include="02.GameObject\Player\PlayerState\State_Action\Roll">
      <UniqueIdentifier>{2765dfee-9bfc-4383-ab17-1b42a6701ce1}</UniqueIdentifier>
    </Filter>
    <Filter Include="02.GameObject\Player\PlayerState\State_Action\Guard">
      <UniqueIdentifier>{b49bc489-9688-46f2-9bb8-aa5fdcfb07ee}</UniqueIdentifier>
    </Filter>
    <Filter Include="02.GameObject\Player\AnimMachine">
      <UniqueIdentifier>{225f42ad-e275-4cbd-aab0-9e91f7b06c3e}</UniqueIdentifier>
    </Filter>
    <Filter Include="02.GameObject\Player\PlayerBody">
      <UniqueIdentifier>{5325e74b-3782-48d9-a55e-3ddd265ebfdc}</UniqueIdentifier>
    </Filter>
    <Filter Include="02.GameObject\Player\PlayerState\Factory">
      <UniqueIdentifier>{335beab5-b4db-450a-90f7-61654d3a5d04}</UniqueIdentifier>
    </Filter>
    <Filter Include="02.GameObject\Player\PlayerState\State_Action\Smash\Smash0">
      <UniqueIdentifier>{10e44a59-e3bf-43c5-98af-f38950efcf03}</UniqueIdentifier>
    </Filter>
    <Filter Include="02.GameObject\Player\PlayerState\State_Action\Smash\Smash1">
      <UniqueIdentifier>{900ea364-329a-4dcf-9d5e-519d02914d18}</UniqueIdentifier>
    </Filter>
    <Filter Include="02.GameObject\Player\PlayerState\State_Action\Smash\Smash2">
      <UniqueIdentifier>{70693b5b-b082-4c1d-ae48-74d11c02e8b9}</UniqueIdentifier>
    </Filter>
    <Filter Include="02.GameObject\Player\PlayerState\State_Action\Smash\Smash3">
      <UniqueIdentifier>{217a5d9e-29e0-4de5-b03d-753042d9a9db}</UniqueIdentifier>
    </Filter>
    <Filter Include="02.GameObject\Player\PlayerState\State_Action\Smash\Smash4">
      <UniqueIdentifier>{fbcf3960-2f16-49bb-921f-6d8abcfd8c79}</UniqueIdentifier>
    </Filter>
    <Filter Include="02.GameObject\Player\PlayerState\State_Action\HeavyStand">
      <UniqueIdentifier>{eee2bfe9-de81-43da-ba21-65cdea455db1}</UniqueIdentifier>
    </Filter>
  </ItemGroup>
  <ItemGroup>
    <ClInclude Include="Client.h">
      <Filter>98.Defaults</Filter>
    </ClInclude>
    <ClInclude Include="framework.h">
      <Filter>98.Defaults</Filter>
    </ClInclude>
    <ClInclude Include="Resource.h">
      <Filter>98.Defaults</Filter>
    </ClInclude>
    <ClInclude Include="targetver.h">
      <Filter>98.Defaults</Filter>
    </ClInclude>
    <ClInclude Include="..\public\MainApp.h">
      <Filter>00.MainApp</Filter>
    </ClInclude>
    <ClInclude Include="..\public\Level_GamePlay.h">
      <Filter>01.Levels\GamePlay</Filter>
    </ClInclude>
    <ClInclude Include="..\public\Level_Loading.h">
      <Filter>01.Levels\Loading</Filter>
    </ClInclude>
    <ClInclude Include="..\public\Loader.h">
      <Filter>01.Levels\Loading\Loader</Filter>
    </ClInclude>
    <ClInclude Include="..\public\Level_Logo.h">
      <Filter>01.Levels\Logo</Filter>
    </ClInclude>
    <ClInclude Include="..\Public\Client_Defines.h">
      <Filter>99.Defines</Filter>
    </ClInclude>
    <ClInclude Include="..\Public\Event_Struct.h">
      <Filter>99.Defines</Filter>
    </ClInclude>
    <ClInclude Include="..\Public\Client_Enum.h">
      <Filter>99.Defines</Filter>
    </ClInclude>
    <ClInclude Include="..\public\LoadingScreen.h">
      <Filter>02.GameObject\UIObject\Loading</Filter>
    </ClInclude>
    <ClInclude Include="..\public\LogoScreen.h">
      <Filter>02.GameObject\UIObject\Logo</Filter>
    </ClInclude>
    <ClInclude Include="..\public\LoadingBar.h">
      <Filter>02.GameObject\UIObject\Loading</Filter>
    </ClInclude>
    <ClInclude Include="..\public\LoadingPoint.h">
      <Filter>02.GameObject\UIObject\Loading</Filter>
    </ClInclude>
    <ClInclude Include="..\public\Camera_Target.h">
      <Filter>02.GameObject\Player\Camera</Filter>
    </ClInclude>
    <ClInclude Include="..\public\HUD.h">
      <Filter>02.GameObject\UIObject\GamePlay\HUD</Filter>
    </ClInclude>
    <ClInclude Include="..\Public\StateBar.h">
      <Filter>02.GameObject\UIObject\GamePlay\HUD</Filter>
    </ClInclude>
    <ClInclude Include="..\public\OptionMain.h">
      <Filter>02.GameObject\UIObject\GamePlay\Option</Filter>
    </ClInclude>
    <ClInclude Include="..\Public\ClientPch.h">
      <Filter>99.Defines</Filter>
    </ClInclude>
    <ClInclude Include="..\public\OptionController.h">
      <Filter>02.GameObject\UIObject\GamePlay\OptionController</Filter>
    </ClInclude>
    <ClInclude Include="..\public\Controller_UI.h">
      <Filter>03.Controller</Filter>
    </ClInclude>
    <ClInclude Include="..\Public\Controller_KeyBoard.h">
      <Filter>03.Controller</Filter>
    </ClInclude>
    <ClInclude Include="..\public\Background.h">
      <Filter>02.GameObject\UIObject\Static\Background</Filter>
    </ClInclude>
    <ClInclude Include="..\public\Button.h">
      <Filter>02.GameObject\UIObject\Static\Button</Filter>
    </ClInclude>
    <ClInclude Include="..\public\Panel.h">
      <Filter>02.GameObject\UIObject\Static\Panel</Filter>
    </ClInclude>
    <ClInclude Include="..\public\Bar.h">
      <Filter>02.GameObject\UIObject\Static\Bar</Filter>
    </ClInclude>
    <ClInclude Include="..\public\LoadingBack.h">
      <Filter>02.GameObject\UIObject\Loading</Filter>
    </ClInclude>
    <ClInclude Include="..\public\MapObject.h">
      <Filter>02.GameObject\MapObject</Filter>
    </ClInclude>
    <ClInclude Include="..\public\PlayerState.h">
      <Filter>02.GameObject\Player\PlayerState</Filter>
    </ClInclude>
    <ClInclude Include="..\public\State_Idle.h">
      <Filter>02.GameObject\Player\PlayerState\State_Idle</Filter>
    </ClInclude>
    <ClInclude Include="..\public\State_Move.h">
      <Filter>02.GameObject\Player\PlayerState\State_Move</Filter>
    </ClInclude>
    <ClInclude Include="..\public\State_Attack.h">
      <Filter>02.GameObject\Player\PlayerState\State_Action\Attack</Filter>
    </ClInclude>
    <ClInclude Include="..\public\State_Guard.h">
      <Filter>02.GameObject\Player\PlayerState\State_Action\Guard</Filter>
    </ClInclude>
    <ClInclude Include="..\public\State_Roll.h">
      <Filter>02.GameObject\Player\PlayerState\State_Action\Roll</Filter>
    </ClInclude>
    <ClInclude Include="..\public\PlayerPawn.h">
      <Filter>02.GameObject\Player</Filter>
    </ClInclude>
    <ClInclude Include="..\public\PlayerBody.h">
      <Filter>02.GameObject\Player\PlayerBody</Filter>
    </ClInclude>
    <ClInclude Include="..\Public\StateFactory.h">
      <Filter>02.GameObject\Player\PlayerState\Factory</Filter>
    </ClInclude>
    <ClInclude Include="..\public\PlayerAnimMachine.h">
      <Filter>02.GameObject\Player\AnimMachine</Filter>
    </ClInclude>
    <ClInclude Include="AnimTable.h">
      <Filter>99.Defines</Filter>
    </ClInclude>
    <ClInclude Include="..\public\State_Smash0.h">
      <Filter>02.GameObject\Player\PlayerState\State_Action\Smash\Smash0</Filter>
    </ClInclude>
    <ClInclude Include="..\public\State_Smash2.h">
      <Filter>02.GameObject\Player\PlayerState\State_Action\Smash\Smash2</Filter>
    </ClInclude>
    <ClInclude Include="..\public\State_Smash1.h">
      <Filter>02.GameObject\Player\PlayerState\State_Action\Smash\Smash1</Filter>
    </ClInclude>
    <ClInclude Include="..\public\State_Smash4.h">
      <Filter>02.GameObject\Player\PlayerState\State_Action\Smash\Smash4</Filter>
    </ClInclude>
    <ClInclude Include="..\public\State_Smash3.h">
      <Filter>02.GameObject\Player\PlayerState\State_Action\Smash\Smash3</Filter>
    </ClInclude>
  </ItemGroup>
  <ItemGroup>
    <Image Include="Client.ico">
      <Filter>98.Defaults</Filter>
    </Image>
    <Image Include="small.ico">
      <Filter>98.Defaults</Filter>
    </Image>
  </ItemGroup>
  <ItemGroup>
    <ResourceCompile Include="Client.rc">
      <Filter>98.Defaults</Filter>
    </ResourceCompile>
  </ItemGroup>
  <ItemGroup>
    <ClCompile Include="Client.cpp">
      <Filter>98.Defaults</Filter>
    </ClCompile>
    <ClCompile Include="..\private\MainApp.cpp">
      <Filter>00.MainApp</Filter>
    </ClCompile>
    <ClCompile Include="..\private\Level_GamePlay.cpp">
      <Filter>01.Levels\GamePlay</Filter>
    </ClCompile>
    <ClCompile Include="..\private\Level_Loading.cpp">
      <Filter>01.Levels\Loading</Filter>
    </ClCompile>
    <ClCompile Include="..\private\Loader.cpp">
      <Filter>01.Levels\Loading\Loader</Filter>
    </ClCompile>
    <ClCompile Include="..\private\Level_Logo.cpp">
      <Filter>01.Levels\Logo</Filter>
    </ClCompile>
    <ClCompile Include="..\private\LoadingScreen.cpp">
      <Filter>02.GameObject\UIObject\Loading</Filter>
    </ClCompile>
    <ClCompile Include="..\private\LogoScreen.cpp">
      <Filter>02.GameObject\UIObject\Logo</Filter>
    </ClCompile>
    <ClCompile Include="..\private\LoadingBar.cpp">
      <Filter>02.GameObject\UIObject\Loading</Filter>
    </ClCompile>
    <ClCompile Include="..\private\LoadingPoint.cpp">
      <Filter>02.GameObject\UIObject\Loading</Filter>
    </ClCompile>
    <ClCompile Include="..\private\Camera_Target.cpp">
      <Filter>02.GameObject\Player\Camera</Filter>
    </ClCompile>
    <ClCompile Include="..\private\HUD.cpp">
      <Filter>02.GameObject\UIObject\GamePlay\HUD</Filter>
    </ClCompile>
    <ClCompile Include="..\Private\StateBar.cpp">
      <Filter>02.GameObject\UIObject\GamePlay\HUD</Filter>
    </ClCompile>
    <ClCompile Include="..\Private\ClientPch.cpp">
      <Filter>99.Defines</Filter>
    </ClCompile>
    <ClCompile Include="..\private\OptionController.cpp">
      <Filter>02.GameObject\UIObject\GamePlay\OptionController</Filter>
    </ClCompile>
    <ClCompile Include="..\private\Controller_UI.cpp">
      <Filter>03.Controller</Filter>
    </ClCompile>
    <ClCompile Include="..\Private\Controller_KeyBoard.cpp">
      <Filter>03.Controller</Filter>
    </ClCompile>
    <ClCompile Include="..\private\Background.cpp">
      <Filter>02.GameObject\UIObject\Static\Background</Filter>
    </ClCompile>
    <ClCompile Include="..\private\Button.cpp">
      <Filter>02.GameObject\UIObject\Static\Button</Filter>
    </ClCompile>
    <ClCompile Include="..\private\Panel.cpp">
      <Filter>02.GameObject\UIObject\Static\Panel</Filter>
    </ClCompile>
    <ClCompile Include="..\private\Bar.cpp">
      <Filter>02.GameObject\UIObject\Static\Bar</Filter>
    </ClCompile>
    <ClCompile Include="..\private\LoadingBack.cpp">
      <Filter>02.GameObject\UIObject\Loading</Filter>
    </ClCompile>
    <ClCompile Include="..\private\MapObject.cpp">
      <Filter>02.GameObject\MapObject</Filter>
    </ClCompile>
    <ClCompile Include="..\private\PlayerState.cpp">
      <Filter>02.GameObject\Player\PlayerState</Filter>
    </ClCompile>
    <ClCompile Include="..\private\State_Idle.cpp">
      <Filter>02.GameObject\Player\PlayerState\State_Idle</Filter>
    </ClCompile>
    <ClCompile Include="..\private\State_Move.cpp">
      <Filter>02.GameObject\Player\PlayerState\State_Move</Filter>
    </ClCompile>
    <ClCompile Include="..\private\State_Attack.cpp">
      <Filter>02.GameObject\Player\PlayerState\State_Action\Attack</Filter>
    </ClCompile>
    <ClCompile Include="..\private\State_Guard.cpp">
      <Filter>02.GameObject\Player\PlayerState\State_Action\Guard</Filter>
    </ClCompile>
    <ClCompile Include="..\private\State_Roll.cpp">
      <Filter>02.GameObject\Player\PlayerState\State_Action\Roll</Filter>
    </ClCompile>
    <ClCompile Include="..\private\PlayerPawn.cpp">
      <Filter>02.GameObject\Player</Filter>
    </ClCompile>
    <ClCompile Include="..\private\PlayerBody.cpp">
      <Filter>02.GameObject\Player\PlayerBody</Filter>
    </ClCompile>
    <ClCompile Include="..\Private\StateFactory.cpp">
      <Filter>02.GameObject\Player\PlayerState\Factory</Filter>
    </ClCompile>
    <ClCompile Include="..\private\PlayerAnimMachine.cpp">
      <Filter>02.GameObject\Player\AnimMachine</Filter>
    </ClCompile>
    <ClCompile Include="..\Private\OptionMain.cpp">
      <Filter>02.GameObject\UIObject\GamePlay\Option</Filter>
    </ClCompile>
    <ClCompile Include="..\private\State_Smash0.cpp">
      <Filter>02.GameObject\Player\PlayerState\State_Action\Smash\Smash0</Filter>
    </ClCompile>
    <ClCompile Include="..\private\State_Smash2.cpp">
      <Filter>02.GameObject\Player\PlayerState\State_Action\Smash\Smash2</Filter>
    </ClCompile>
    <ClCompile Include="..\private\State_Smash1.cpp">
      <Filter>02.GameObject\Player\PlayerState\State_Action\Smash\Smash1</Filter>
    </ClCompile>
    <ClCompile Include="..\private\State_Smash4.cpp">
      <Filter>02.GameObject\Player\PlayerState\State_Action\Smash\Smash4</Filter>
    </ClCompile>
    <ClCompile Include="..\private\State_Smash3.cpp">
      <Filter>02.GameObject\Player\PlayerState\State_Action\Smash\Smash3</Filter>
    </ClCompile>
  </ItemGroup>
  <ItemGroup>
    <FxCompile Include="..\Bin\ShaderFiles\Shader_VtxPosTex.hlsl">
      <Filter>97.ShaderFiles</Filter>
    </FxCompile>
    <FxCompile Include="..\Bin\ShaderFiles\Shader_VtxMesh.hlsl">
      <Filter>97.ShaderFiles</Filter>
    </FxCompile>
    <FxCompile Include="..\Bin\ShaderFiles\Shader_VtxNorTex.hlsl">
      <Filter>97.ShaderFiles</Filter>
    </FxCompile>
    <FxCompile Include="..\Bin\ShaderFiles\Shader_VtxAnimMesh.hlsl">
      <Filter>97.ShaderFiles</Filter>
    </FxCompile>
  </ItemGroup>
</Project>